Microsoft Visual Studio Solution File, Format Version 8.00
Project("{FAE04EC0-301F-11D3-BF4B-00C04F79EFBC}") = "Library", "Library\Library.csproj", "{7C3A9242-E1EF-43F2-8297-4C1C98892946}"
	ProjectSection(ProjectDependencies) = postProject
	EndProjectSection
EndProject
Project("{FAE04EC0-301F-11D3-BF4B-00C04F79EFBC}") = "Tests", "Tests\Tests.csproj", "{1EBAAE12-4DFE-4412-A338-7B8501260047}"
	ProjectSection(ProjectDependencies) = postProject
		{7C3A9242-E1EF-43F2-8297-4C1C98892946} = {7C3A9242-E1EF-43F2-8297-4C1C98892946}
	EndProjectSection
EndProject
Global
	GlobalSection(SolutionConfiguration) = preSolution
		Debug = Debug
		Release = Release
	EndGlobalSection
	GlobalSection(ProjectConfiguration) = postSolution
		{7C3A9242-E1EF-43F2-8297-4C1C98892946}.Debug.ActiveCfg = Debug|.NET
		{7C3A9242-E1EF-43F2-8297-4C1C98892946}.Debug.Build.0 = Debug|.NET
		{7C3A9242-E1EF-43F2-8297-4C1C98892946}.Release.ActiveCfg = Release|.NET
		{7C3A9242-E1EF-43F2-8297-4C1C98892946}.Release.Build.0 = Release|.NET
		{1EBAAE12-4DFE-4412-A338-7B8501260047}.Debug.ActiveCfg = Debug|.NET
		{1EBAAE12-4DFE-4412-A338-7B8501260047}.Debug.Build.0 = Debug|.NET
		{1EBAAE12-4DFE-4412-A338-7B8501260047}.Release.ActiveCfg = Release|.NET
		{1EBAAE12-4DFE-4412-A338-7B8501260047}.Release.Build.0 = Release|.NET
	EndGlobalSection
	GlobalSection(ExtensibilityGlobals) = postSolution
	EndGlobalSection
	GlobalSection(ExtensibilityAddIns) = postSolution
	EndGlobalSection
EndGlobal
