Microsoft Visual Studio Solution File, Format Version 8.00
Project("{FAE04EC0-301F-11D3-BF4B-00C04F79EFBC}") = "ABGui", "ABGui.csproj", "{8C0989D6-7648-4639-97B2-728231550A87}"
	ProjectSection(ProjectDependencies) = postProject
	EndProjectSection
EndProject
Global
	GlobalSection(SolutionConfiguration) = preSolution
		Debug = Debug
		Release = Release
	EndGlobalSection
	GlobalSection(ProjectConfiguration) = postSolution
		{8C0989D6-7648-4639-97B2-728231550A87}.Debug.ActiveCfg = Debug|.NET
		{8C0989D6-7648-4639-97B2-728231550A87}.Debug.Build.0 = Debug|.NET
		{8C0989D6-7648-4639-97B2-728231550A87}.Release.ActiveCfg = Release|.NET
		{8C0989D6-7648-4639-97B2-728231550A87}.Release.Build.0 = Release|.NET
	EndGlobalSection
	GlobalSection(ExtensibilityGlobals) = postSolution
	EndGlobalSection
	GlobalSection(ExtensibilityAddIns) = postSolution
	EndGlobalSection
EndGlobal
