Microsoft Visual Studio Solution File, Format Version 8.00
Project("{FAE04EC0-301F-11D3-BF4B-00C04F79EFBC}") = "Report", "Report.csproj", "{BB39A95A-6AF6-4161-B72A-C035198DCCA5}"
	ProjectSection(ProjectDependencies) = postProject
	EndProjectSection
EndProject
Global
	GlobalSection(SolutionConfiguration) = preSolution
		Debug = Debug
		Release = Release
	EndGlobalSection
	GlobalSection(ProjectConfiguration) = postSolution
		{BB39A95A-6AF6-4161-B72A-C035198DCCA5}.Debug.ActiveCfg = Debug|.NET
		{BB39A95A-6AF6-4161-B72A-C035198DCCA5}.Debug.Build.0 = Debug|.NET
		{BB39A95A-6AF6-4161-B72A-C035198DCCA5}.Release.ActiveCfg = Release|.NET
		{BB39A95A-6AF6-4161-B72A-C035198DCCA5}.Release.Build.0 = Release|.NET
	EndGlobalSection
	GlobalSection(ExtensibilityGlobals) = postSolution
	EndGlobalSection
	GlobalSection(ExtensibilityAddIns) = postSolution
	EndGlobalSection
EndGlobal
