Microsoft Visual Studio Solution File, Format Version 8.00
Project("{FAE04EC0-301F-11D3-BF4B-00C04F79EFBC}") = "Identity", "Identity.csproj", "{289209A6-875D-4D96-B362-43A47FC2B039}"
	ProjectSection(ProjectDependencies) = postProject
	EndProjectSection
EndProject
Global
	GlobalSection(SolutionConfiguration) = preSolution
		Debug = Debug
		Release = Release
	EndGlobalSection
	GlobalSection(ProjectConfiguration) = postSolution
		{289209A6-875D-4D96-B362-43A47FC2B039}.Debug.ActiveCfg = Debug|.NET
		{289209A6-875D-4D96-B362-43A47FC2B039}.Debug.Build.0 = Debug|.NET
		{289209A6-875D-4D96-B362-43A47FC2B039}.Release.ActiveCfg = Release|.NET
		{289209A6-875D-4D96-B362-43A47FC2B039}.Release.Build.0 = Release|.NET
	EndGlobalSection
	GlobalSection(ExtensibilityGlobals) = postSolution
	EndGlobalSection
	GlobalSection(ExtensibilityAddIns) = postSolution
	EndGlobalSection
EndGlobal
