Microsoft Visual Studio Solution File, Format Version 8.00
Project("{FAE04EC0-301F-11D3-BF4B-00C04F79EFBC}") = "MigrationWizard", "MigrationWizard.csproj", "{C8EE17B6-6E4A-4A15-8F37-516D38008F07}"
	ProjectSection(ProjectDependencies) = postProject
	EndProjectSection
EndProject
Global
	GlobalSection(SolutionConfiguration) = preSolution
		Debug = Debug
		Release = Release
	EndGlobalSection
	GlobalSection(ProjectConfiguration) = postSolution
		{C8EE17B6-6E4A-4A15-8F37-516D38008F07}.Debug.ActiveCfg = Debug|.NET
		{C8EE17B6-6E4A-4A15-8F37-516D38008F07}.Debug.Build.0 = Debug|.NET
		{C8EE17B6-6E4A-4A15-8F37-516D38008F07}.Release.ActiveCfg = Release|.NET
		{C8EE17B6-6E4A-4A15-8F37-516D38008F07}.Release.Build.0 = Release|.NET
	EndGlobalSection
	GlobalSection(ExtensibilityGlobals) = postSolution
	EndGlobalSection
	GlobalSection(ExtensibilityAddIns) = postSolution
	EndGlobalSection
EndGlobal
