Microsoft Visual Studio Solution File, Format Version 8.00
Project("{FAE04EC0-301F-11D3-BF4B-00C04F79EFBC}") = "MemberBrowser", "tools\MemberBrowser\MemberBrowser.csproj", "{77F481B0-A0E3-45D0-9AF6-8283FA0F97EA}"
	ProjectSection(ProjectDependencies) = postProject
	EndProjectSection
EndProject
Project("{FAE04EC0-301F-11D3-BF4B-00C04F79EFBC}") = "Bonjour", "src\Bonjour\Bonjour.csproj", "{8BD75669-8D8A-4950-9E34-6B1CE26BD823}"
	ProjectSection(ProjectDependencies) = postProject
	EndProjectSection
EndProject
Project("{8BC9CEB8-8B4A-11D0-8D11-00A0C91BC942}") = "simiasbonjour", "src\libsimiasbonjour\simiasbonjour\simiasbonjour.vcproj", "{52FDE977-E1E5-495D-B737-0B6AE227DD79}"
	ProjectSection(ProjectDependencies) = postProject
	EndProjectSection
EndProject
Project("{8BC9CEB8-8B4A-11D0-8D11-00A0C91BC942}") = "registration", "src\libsimiasbonjour\test\registration\registration.vcproj", "{FD3E508F-D6C0-47B7-BA0D-2F8D165298A7}"
	ProjectSection(ProjectDependencies) = postProject
	EndProjectSection
EndProject
Project("{8BC9CEB8-8B4A-11D0-8D11-00A0C91BC942}") = "nativebrowse", "src\libsimiasbonjour\test\nativebrowse\nativebrowse.vcproj", "{62260274-C082-41F4-9D19-69B947EF2B74}"
	ProjectSection(ProjectDependencies) = postProject
	EndProjectSection
EndProject
Global
	GlobalSection(SolutionConfiguration) = preSolution
		Debug = Debug
		Release = Release
	EndGlobalSection
	GlobalSection(ProjectConfiguration) = postSolution
		{77F481B0-A0E3-45D0-9AF6-8283FA0F97EA}.Debug.ActiveCfg = Debug|.NET
		{77F481B0-A0E3-45D0-9AF6-8283FA0F97EA}.Debug.Build.0 = Debug|.NET
		{77F481B0-A0E3-45D0-9AF6-8283FA0F97EA}.Release.ActiveCfg = Release|.NET
		{77F481B0-A0E3-45D0-9AF6-8283FA0F97EA}.Release.Build.0 = Release|.NET
		{8BD75669-8D8A-4950-9E34-6B1CE26BD823}.Debug.ActiveCfg = Debug|.NET
		{8BD75669-8D8A-4950-9E34-6B1CE26BD823}.Debug.Build.0 = Debug|.NET
		{8BD75669-8D8A-4950-9E34-6B1CE26BD823}.Release.ActiveCfg = Release|.NET
		{8BD75669-8D8A-4950-9E34-6B1CE26BD823}.Release.Build.0 = Release|.NET
		{52FDE977-E1E5-495D-B737-0B6AE227DD79}.Debug.ActiveCfg = Debug|Win32
		{52FDE977-E1E5-495D-B737-0B6AE227DD79}.Debug.Build.0 = Debug|Win32
		{52FDE977-E1E5-495D-B737-0B6AE227DD79}.Release.ActiveCfg = Release|Win32
		{52FDE977-E1E5-495D-B737-0B6AE227DD79}.Release.Build.0 = Release|Win32
		{FD3E508F-D6C0-47B7-BA0D-2F8D165298A7}.Debug.ActiveCfg = Debug|Win32
		{FD3E508F-D6C0-47B7-BA0D-2F8D165298A7}.Debug.Build.0 = Debug|Win32
		{FD3E508F-D6C0-47B7-BA0D-2F8D165298A7}.Release.ActiveCfg = Release|Win32
		{FD3E508F-D6C0-47B7-BA0D-2F8D165298A7}.Release.Build.0 = Release|Win32
		{62260274-C082-41F4-9D19-69B947EF2B74}.Debug.ActiveCfg = Debug|Win32
		{62260274-C082-41F4-9D19-69B947EF2B74}.Debug.Build.0 = Debug|Win32
		{62260274-C082-41F4-9D19-69B947EF2B74}.Release.ActiveCfg = Release|Win32
		{62260274-C082-41F4-9D19-69B947EF2B74}.Release.Build.0 = Release|Win32
	EndGlobalSection
	GlobalSection(ExtensibilityGlobals) = postSolution
	EndGlobalSection
	GlobalSection(ExtensibilityAddIns) = postSolution
	EndGlobalSection
EndGlobal
