Microsoft Visual Studio Solution File, Format Version 8.00
Project("{FAE04EC0-301F-11D3-BF4B-00C04F79EFBC}") = "MemberBrowser", "tools\MemberBrowser\MemberBrowser.csproj", "{77F481B0-A0E3-45D0-9AF6-8283FA0F97EA}"
	ProjectSection(ProjectDependencies) = postProject
	EndProjectSection
EndProject
Project("{8BC9CEB8-8B4A-11D0-8D11-00A0C91BC942}") = "nativebrowse", "src\libsimiasbonjour\test\nativebrowse\nativebrowse.vcproj", "{62260274-C082-41F4-9D19-69B947EF2B74}"
	ProjectSection(ProjectDependencies) = postProject
		{A1CC1204-6CCE-4D9B-9CD7-FC788070F53F} = {A1CC1204-6CCE-4D9B-9CD7-FC788070F53F}
	EndProjectSection
EndProject
Project("{FAE04EC0-301F-11D3-BF4B-00C04F79EFBC}") = "Bonjour", "src\Bonjour\Bonjour.csproj", "{E5969FDC-4613-46EB-A6F4-E2A8574F456D}"
	ProjectSection(ProjectDependencies) = postProject
	EndProjectSection
EndProject
Project("{8BC9CEB8-8B4A-11D0-8D11-00A0C91BC942}") = "libsimiasbonjour", "src\libsimiasbonjour\libsimiasbonjour.vcproj", "{A1CC1204-6CCE-4D9B-9CD7-FC788070F53F}"
	ProjectSection(ProjectDependencies) = postProject
	EndProjectSection
EndProject
Global
	GlobalSection(SolutionConfiguration) = preSolution
		Debug = Debug
		Release = Release
	EndGlobalSection
	GlobalSection(ProjectConfiguration) = postSolution
		{77F481B0-A0E3-45D0-9AF6-8283FA0F97EA}.Debug.ActiveCfg = Debug|.NET
		{77F481B0-A0E3-45D0-9AF6-8283FA0F97EA}.Debug.Build.0 = Debug|.NET
		{77F481B0-A0E3-45D0-9AF6-8283FA0F97EA}.Release.ActiveCfg = Release|.NET
		{77F481B0-A0E3-45D0-9AF6-8283FA0F97EA}.Release.Build.0 = Release|.NET
		{62260274-C082-41F4-9D19-69B947EF2B74}.Debug.ActiveCfg = Debug|Win32
		{62260274-C082-41F4-9D19-69B947EF2B74}.Debug.Build.0 = Debug|Win32
		{62260274-C082-41F4-9D19-69B947EF2B74}.Release.ActiveCfg = Release|Win32
		{62260274-C082-41F4-9D19-69B947EF2B74}.Release.Build.0 = Release|Win32
		{E5969FDC-4613-46EB-A6F4-E2A8574F456D}.Debug.ActiveCfg = Debug|.NET
		{E5969FDC-4613-46EB-A6F4-E2A8574F456D}.Debug.Build.0 = Debug|.NET
		{E5969FDC-4613-46EB-A6F4-E2A8574F456D}.Release.ActiveCfg = Release|.NET
		{E5969FDC-4613-46EB-A6F4-E2A8574F456D}.Release.Build.0 = Release|.NET
		{A1CC1204-6CCE-4D9B-9CD7-FC788070F53F}.Debug.ActiveCfg = Debug|Win32
		{A1CC1204-6CCE-4D9B-9CD7-FC788070F53F}.Debug.Build.0 = Debug|Win32
		{A1CC1204-6CCE-4D9B-9CD7-FC788070F53F}.Release.ActiveCfg = Release|Win32
		{A1CC1204-6CCE-4D9B-9CD7-FC788070F53F}.Release.Build.0 = Release|Win32
	EndGlobalSection
	GlobalSection(ExtensibilityGlobals) = postSolution
	EndGlobalSection
	GlobalSection(ExtensibilityAddIns) = postSolution
	EndGlobalSection
EndGlobal
