Microsoft Visual Studio Solution File, Format Version 8.00
Project("{FAE04EC0-301F-11D3-BF4B-00C04F79EFBC}") = "Library", "Library.csproj", "{695672D2-F178-4442-8283-0CB243FB140A}"
	ProjectSection(ProjectDependencies) = postProject
	EndProjectSection
EndProject
Project("{FAE04EC0-301F-11D3-BF4B-00C04F79EFBC}") = "Tests", "Tests.csproj", "{E0A212B1-E326-48E4-BDD3-D9A69473EDED}"
	ProjectSection(ProjectDependencies) = postProject
		{695672D2-F178-4442-8283-0CB243FB140A} = {695672D2-F178-4442-8283-0CB243FB140A}
	EndProjectSection
EndProject
Global
	GlobalSection(SolutionConfiguration) = preSolution
		Debug = Debug
		Release = Release
	EndGlobalSection
	GlobalSection(ProjectConfiguration) = postSolution
		{695672D2-F178-4442-8283-0CB243FB140A}.Debug.ActiveCfg = Debug|.NET
		{695672D2-F178-4442-8283-0CB243FB140A}.Debug.Build.0 = Debug|.NET
		{695672D2-F178-4442-8283-0CB243FB140A}.Release.ActiveCfg = Release|.NET
		{695672D2-F178-4442-8283-0CB243FB140A}.Release.Build.0 = Release|.NET
		{E0A212B1-E326-48E4-BDD3-D9A69473EDED}.Debug.ActiveCfg = Debug|.NET
		{E0A212B1-E326-48E4-BDD3-D9A69473EDED}.Debug.Build.0 = Debug|.NET
		{E0A212B1-E326-48E4-BDD3-D9A69473EDED}.Release.ActiveCfg = Release|.NET
		{E0A212B1-E326-48E4-BDD3-D9A69473EDED}.Release.Build.0 = Release|.NET
	EndGlobalSection
	GlobalSection(ExtensibilityGlobals) = postSolution
	EndGlobalSection
	GlobalSection(ExtensibilityAddIns) = postSolution
	EndGlobalSection
EndGlobal
