Microsoft Visual Studio Solution File, Format Version 8.00
Project("{FAE04EC0-301F-11D3-BF4B-00C04F79EFBC}") = "CollectionEvents", "CollectionEvents.csproj", "{680C2A55-3F33-45EA-AA67-5652592D93FE}"
	ProjectSection(ProjectDependencies) = postProject
	EndProjectSection
EndProject
Project("{FAE04EC0-301F-11D3-BF4B-00C04F79EFBC}") = "CollectionEventsTests", "CollectionEventsTests\CollectionEventsTests.csproj", "{7ED78832-BAC2-47CE-B858-5142E4CAE0E1}"
	ProjectSection(ProjectDependencies) = postProject
		{680C2A55-3F33-45EA-AA67-5652592D93FE} = {680C2A55-3F33-45EA-AA67-5652592D93FE}
	EndProjectSection
EndProject
Project("{FAE04EC0-301F-11D3-BF4B-00C04F79EFBC}") = "CsEventBroker", "CsEventBroker\CsEventBroker.csproj", "{66557955-5474-4E02-B14E-8DA278BAC6EB}"
	ProjectSection(ProjectDependencies) = postProject
		{680C2A55-3F33-45EA-AA67-5652592D93FE} = {680C2A55-3F33-45EA-AA67-5652592D93FE}
	EndProjectSection
EndProject
Global
	GlobalSection(SolutionConfiguration) = preSolution
		Debug = Debug
		Release = Release
	EndGlobalSection
	GlobalSection(ProjectConfiguration) = postSolution
		{680C2A55-3F33-45EA-AA67-5652592D93FE}.Debug.ActiveCfg = Debug|.NET
		{680C2A55-3F33-45EA-AA67-5652592D93FE}.Debug.Build.0 = Debug|.NET
		{680C2A55-3F33-45EA-AA67-5652592D93FE}.Release.ActiveCfg = Release|.NET
		{680C2A55-3F33-45EA-AA67-5652592D93FE}.Release.Build.0 = Release|.NET
		{7ED78832-BAC2-47CE-B858-5142E4CAE0E1}.Debug.ActiveCfg = Debug|.NET
		{7ED78832-BAC2-47CE-B858-5142E4CAE0E1}.Debug.Build.0 = Debug|.NET
		{7ED78832-BAC2-47CE-B858-5142E4CAE0E1}.Release.ActiveCfg = Release|.NET
		{7ED78832-BAC2-47CE-B858-5142E4CAE0E1}.Release.Build.0 = Release|.NET
		{66557955-5474-4E02-B14E-8DA278BAC6EB}.Debug.ActiveCfg = Debug|.NET
		{66557955-5474-4E02-B14E-8DA278BAC6EB}.Debug.Build.0 = Debug|.NET
		{66557955-5474-4E02-B14E-8DA278BAC6EB}.Release.ActiveCfg = Release|.NET
		{66557955-5474-4E02-B14E-8DA278BAC6EB}.Release.Build.0 = Release|.NET
	EndGlobalSection
	GlobalSection(ExtensibilityGlobals) = postSolution
	EndGlobalSection
	GlobalSection(ExtensibilityAddIns) = postSolution
	EndGlobalSection
EndGlobal
