Microsoft Visual Studio Solution File, Format Version 8.00
Project("{FAE04EC0-301F-11D3-BF4B-00C04F79EFBC}") = "SimiasLib", "SimiasLib.csproj", "{7839E703-0177-4162-B083-BCFD4ED1CC1B}"
	ProjectSection(ProjectDependencies) = postProject
		{E38BAF80-9B31-4D15-A002-E775B96FAFA6} = {E38BAF80-9B31-4D15-A002-E775B96FAFA6}
	EndProjectSection
EndProject
Project("{FAE04EC0-301F-11D3-BF4B-00C04F79EFBC}") = "Simias", "src\SimiasApp\Simias.csproj", "{FBC32721-2AEE-48D5-8353-FAACC2AF16B2}"
	ProjectSection(ProjectDependencies) = postProject
	EndProjectSection
EndProject
Project("{8BC9CEB8-8B4A-11D0-8D11-00A0C91BC942}") = "FlaimWrapper", "src\FlaimProvider\FlaimWrapper\FlaimWrapper.vcproj", "{188191A2-3D4D-404E-8F66-A1FAB865F586}"
	ProjectSection(ProjectDependencies) = postProject
	EndProjectSection
EndProject
Project("{FAE04EC0-301F-11D3-BF4B-00C04F79EFBC}") = "SimiasWebService", "src\WebService\SimiasWebService.csproj", "{BEB45326-E6BE-45F1-B7AF-8A404656C684}"
	ProjectSection(ProjectDependencies) = postProject
	EndProjectSection
EndProject
Project("{FAE04EC0-301F-11D3-BF4B-00C04F79EFBC}") = "POBoxWS", "src\POBoxWS\POBoxWS.csproj", "{3275A0B3-4BE7-4FB4-83F9-601FA09C0C86}"
	ProjectSection(ProjectDependencies) = postProject
	EndProjectSection
EndProject
Project("{FAE04EC0-301F-11D3-BF4B-00C04F79EFBC}") = "SyncService", "src\SyncService\SyncService.csproj", "{4C2C177D-6D5C-46F1-9345-7BE58F1422B1}"
	ProjectSection(ProjectDependencies) = postProject
	EndProjectSection
EndProject
Project("{FAE04EC0-301F-11D3-BF4B-00C04F79EFBC}") = "SimiasClient", "src\SimiasClient\SimiasClient.csproj", "{E38BAF80-9B31-4D15-A002-E775B96FAFA6}"
	ProjectSection(ProjectDependencies) = postProject
	EndProjectSection
EndProject
Project("{FAE04EC0-301F-11D3-BF4B-00C04F79EFBC}") = "SimiasServer", "src\SimiasServer\SimiasServer.csproj", "{CCA97DC4-AA28-4A9B-9C90-1E4F5D98B0CA}"
	ProjectSection(ProjectDependencies) = postProject
	EndProjectSection
EndProject
Global
	GlobalSection(SolutionConfiguration) = preSolution
		Debug = Debug
		Release = Release
	EndGlobalSection
	GlobalSection(ProjectConfiguration) = postSolution
		{7839E703-0177-4162-B083-BCFD4ED1CC1B}.Debug.ActiveCfg = Debug|.NET
		{7839E703-0177-4162-B083-BCFD4ED1CC1B}.Debug.Build.0 = Debug|.NET
		{7839E703-0177-4162-B083-BCFD4ED1CC1B}.Release.ActiveCfg = Release|.NET
		{7839E703-0177-4162-B083-BCFD4ED1CC1B}.Release.Build.0 = Release|.NET
		{FBC32721-2AEE-48D5-8353-FAACC2AF16B2}.Debug.ActiveCfg = Debug|.NET
		{FBC32721-2AEE-48D5-8353-FAACC2AF16B2}.Debug.Build.0 = Debug|.NET
		{FBC32721-2AEE-48D5-8353-FAACC2AF16B2}.Release.ActiveCfg = Release|.NET
		{FBC32721-2AEE-48D5-8353-FAACC2AF16B2}.Release.Build.0 = Release|.NET
		{188191A2-3D4D-404E-8F66-A1FAB865F586}.Debug.ActiveCfg = Debug|Win32
		{188191A2-3D4D-404E-8F66-A1FAB865F586}.Debug.Build.0 = Debug|Win32
		{188191A2-3D4D-404E-8F66-A1FAB865F586}.Release.ActiveCfg = Release|Win32
		{188191A2-3D4D-404E-8F66-A1FAB865F586}.Release.Build.0 = Release|Win32
		{BEB45326-E6BE-45F1-B7AF-8A404656C684}.Debug.ActiveCfg = Debug|.NET
		{BEB45326-E6BE-45F1-B7AF-8A404656C684}.Debug.Build.0 = Debug|.NET
		{BEB45326-E6BE-45F1-B7AF-8A404656C684}.Release.ActiveCfg = Release|.NET
		{BEB45326-E6BE-45F1-B7AF-8A404656C684}.Release.Build.0 = Release|.NET
		{3275A0B3-4BE7-4FB4-83F9-601FA09C0C86}.Debug.ActiveCfg = Debug|.NET
		{3275A0B3-4BE7-4FB4-83F9-601FA09C0C86}.Debug.Build.0 = Debug|.NET
		{3275A0B3-4BE7-4FB4-83F9-601FA09C0C86}.Release.ActiveCfg = Release|.NET
		{3275A0B3-4BE7-4FB4-83F9-601FA09C0C86}.Release.Build.0 = Release|.NET
		{4C2C177D-6D5C-46F1-9345-7BE58F1422B1}.Debug.ActiveCfg = Debug|.NET
		{4C2C177D-6D5C-46F1-9345-7BE58F1422B1}.Debug.Build.0 = Debug|.NET
		{4C2C177D-6D5C-46F1-9345-7BE58F1422B1}.Release.ActiveCfg = Release|.NET
		{4C2C177D-6D5C-46F1-9345-7BE58F1422B1}.Release.Build.0 = Release|.NET
		{E38BAF80-9B31-4D15-A002-E775B96FAFA6}.Debug.ActiveCfg = Debug|.NET
		{E38BAF80-9B31-4D15-A002-E775B96FAFA6}.Debug.Build.0 = Debug|.NET
		{E38BAF80-9B31-4D15-A002-E775B96FAFA6}.Release.ActiveCfg = Release|.NET
		{E38BAF80-9B31-4D15-A002-E775B96FAFA6}.Release.Build.0 = Release|.NET
		{CCA97DC4-AA28-4A9B-9C90-1E4F5D98B0CA}.Debug.ActiveCfg = Debug|.NET
		{CCA97DC4-AA28-4A9B-9C90-1E4F5D98B0CA}.Debug.Build.0 = Debug|.NET
		{CCA97DC4-AA28-4A9B-9C90-1E4F5D98B0CA}.Release.ActiveCfg = Release|.NET
		{CCA97DC4-AA28-4A9B-9C90-1E4F5D98B0CA}.Release.Build.0 = Release|.NET
	EndGlobalSection
	GlobalSection(ExtensibilityGlobals) = postSolution
	EndGlobalSection
	GlobalSection(ExtensibilityAddIns) = postSolution
	EndGlobalSection
EndGlobal
