Microsoft Visual Studio Solution File, Format Version 8.00
Project("{FAE04EC0-301F-11D3-BF4B-00C04F79EFBC}") = "Simias", "Simias.csproj", "{7839E703-0177-4162-B083-BCFD4ED1CC1B}"
	ProjectSection(ProjectDependencies) = postProject
	EndProjectSection
EndProject
Project("{FAE04EC0-301F-11D3-BF4B-00C04F79EFBC}") = "mDnsService", "src\mDnsService\mDnsService.csproj", "{CCA97DC4-AA28-4A9B-9C90-1E4F5D98B0CA}"
	ProjectSection(ProjectDependencies) = postProject
	EndProjectSection
EndProject
Project("{FAE04EC0-301F-11D3-BF4B-00C04F79EFBC}") = "POService", "src\POBox\POService.csproj", "{B73D723A-44A5-4844-82CD-C6BB126A75AD}"
	ProjectSection(ProjectDependencies) = postProject
	EndProjectSection
EndProject
Project("{FAE04EC0-301F-11D3-BF4B-00C04F79EFBC}") = "EventService", "src\Events\EventService\EventService.csproj", "{66557955-5474-4E02-B14E-8DA278BAC6EB}"
	ProjectSection(ProjectDependencies) = postProject
	EndProjectSection
EndProject
Project("{FAE04EC0-301F-11D3-BF4B-00C04F79EFBC}") = "SyncService", "src\SyncService\SyncService.csproj", "{B73D723A-44A5-4844-82CD-C6BB126A75AD}"
	ProjectSection(ProjectDependencies) = postProject
	EndProjectSection
EndProject
Global
	GlobalSection(SolutionConfiguration) = preSolution
		Debug = Debug
		Release = Release
	EndGlobalSection
	GlobalSection(ProjectConfiguration) = postSolution
		{7839E703-0177-4162-B083-BCFD4ED1CC1B}.Debug.ActiveCfg = Debug|.NET
		{7839E703-0177-4162-B083-BCFD4ED1CC1B}.Debug.Build.0 = Debug|.NET
		{7839E703-0177-4162-B083-BCFD4ED1CC1B}.Release.ActiveCfg = Release|.NET
		{7839E703-0177-4162-B083-BCFD4ED1CC1B}.Release.Build.0 = Release|.NET
		{CCA97DC4-AA28-4A9B-9C90-1E4F5D98B0CA}.Debug.ActiveCfg = Debug|.NET
		{CCA97DC4-AA28-4A9B-9C90-1E4F5D98B0CA}.Debug.Build.0 = Debug|.NET
		{CCA97DC4-AA28-4A9B-9C90-1E4F5D98B0CA}.Release.ActiveCfg = Release|.NET
		{CCA97DC4-AA28-4A9B-9C90-1E4F5D98B0CA}.Release.Build.0 = Release|.NET
		{B73D723A-44A5-4844-82CD-C6BB126A75AD}.Debug.ActiveCfg = Debug|.NET
		{B73D723A-44A5-4844-82CD-C6BB126A75AD}.Debug.Build.0 = Debug|.NET
		{B73D723A-44A5-4844-82CD-C6BB126A75AD}.Release.ActiveCfg = Release|.NET
		{B73D723A-44A5-4844-82CD-C6BB126A75AD}.Release.Build.0 = Release|.NET
		{66557955-5474-4E02-B14E-8DA278BAC6EB}.Debug.ActiveCfg = Debug|.NET
		{66557955-5474-4E02-B14E-8DA278BAC6EB}.Debug.Build.0 = Debug|.NET
		{66557955-5474-4E02-B14E-8DA278BAC6EB}.Release.ActiveCfg = Release|.NET
		{66557955-5474-4E02-B14E-8DA278BAC6EB}.Release.Build.0 = Release|.NET
		{B73D723A-44A5-4844-82CD-C6BB126A75AD}.Debug.ActiveCfg = Debug|.NET
		{B73D723A-44A5-4844-82CD-C6BB126A75AD}.Debug.Build.0 = Debug|.NET
		{B73D723A-44A5-4844-82CD-C6BB126A75AD}.Release.ActiveCfg = Release|.NET
		{B73D723A-44A5-4844-82CD-C6BB126A75AD}.Release.Build.0 = Release|.NET
	EndGlobalSection
	GlobalSection(ExtensibilityGlobals) = postSolution
	EndGlobalSection
	GlobalSection(ExtensibilityAddIns) = postSolution
	EndGlobalSection
EndGlobal
