Microsoft Visual Studio Solution File, Format Version 8.00
Project("{FAE04EC0-301F-11D3-BF4B-00C04F79EFBC}") = "Common", "src\Common\Library\Common.csproj", "{2E918CCD-6919-4453-9BDE-1FF22657CAB5}"
	ProjectSection(ProjectDependencies) = postProject
	EndProjectSection
EndProject
Project("{FAE04EC0-301F-11D3-BF4B-00C04F79EFBC}") = "CommonTests", "src\Common\Tests\CommonTests.csproj", "{3374E8A0-3ADB-48EF-BC61-3B3C77E6FC6E}"
	ProjectSection(ProjectDependencies) = postProject
		{2E918CCD-6919-4453-9BDE-1FF22657CAB5} = {2E918CCD-6919-4453-9BDE-1FF22657CAB5}
	EndProjectSection
EndProject
Project("{FAE04EC0-301F-11D3-BF4B-00C04F79EFBC}") = "Configuration", "src\Configuration\Configuration.csproj", "{9B517041-29A3-4817-BA8E-02ECF03477C4}"
	ProjectSection(ProjectDependencies) = postProject
	EndProjectSection
EndProject
Project("{FAE04EC0-301F-11D3-BF4B-00C04F79EFBC}") = "ConfigurationTests", "src\Configuration\ConfTests\ConfigurationTests.csproj", "{C248F751-564F-4D3B-8EAB-A77B81ED9D32}"
	ProjectSection(ProjectDependencies) = postProject
		{9B517041-29A3-4817-BA8E-02ECF03477C4} = {9B517041-29A3-4817-BA8E-02ECF03477C4}
	EndProjectSection
EndProject
Project("{FAE04EC0-301F-11D3-BF4B-00C04F79EFBC}") = "CollectionEvents", "src\CollectionEvents\CollectionEvents.csproj", "{680C2A55-3F33-45EA-AA67-5652592D93FE}"
	ProjectSection(ProjectDependencies) = postProject
		{9B517041-29A3-4817-BA8E-02ECF03477C4} = {9B517041-29A3-4817-BA8E-02ECF03477C4}
	EndProjectSection
EndProject
Project("{FAE04EC0-301F-11D3-BF4B-00C04F79EFBC}") = "CollectionEventsTests", "src\CollectionEvents\CollectionEventsTests\CollectionEventsTests.csproj", "{7ED78832-BAC2-47CE-B858-5142E4CAE0E1}"
	ProjectSection(ProjectDependencies) = postProject
		{680C2A55-3F33-45EA-AA67-5652592D93FE} = {680C2A55-3F33-45EA-AA67-5652592D93FE}
	EndProjectSection
EndProject
Project("{FAE04EC0-301F-11D3-BF4B-00C04F79EFBC}") = "StoreProvider", "src\StoreProvider\StoreProvider.csproj", "{4271E7EE-BB9B-4C31-B753-EE4796B4E1CB}"
	ProjectSection(ProjectDependencies) = postProject
		{9B517041-29A3-4817-BA8E-02ECF03477C4} = {9B517041-29A3-4817-BA8E-02ECF03477C4}
		{1614B641-3E27-43CD-B611-A0EE2B03EDFE} = {1614B641-3E27-43CD-B611-A0EE2B03EDFE}
		{680C2A55-3F33-45EA-AA67-5652592D93FE} = {680C2A55-3F33-45EA-AA67-5652592D93FE}
		{2E918CCD-6919-4453-9BDE-1FF22657CAB5} = {2E918CCD-6919-4453-9BDE-1FF22657CAB5}
	EndProjectSection
EndProject
Project("{FAE04EC0-301F-11D3-BF4B-00C04F79EFBC}") = "StoreProviderTest", "src\StoreProvider\Test\StoreProviderTest.csproj", "{A9C837C5-51F8-4AE5-9C7C-2F024C7594CE}"
	ProjectSection(ProjectDependencies) = postProject
		{4271E7EE-BB9B-4C31-B753-EE4796B4E1CB} = {4271E7EE-BB9B-4C31-B753-EE4796B4E1CB}
	EndProjectSection
EndProject
Project("{FAE04EC0-301F-11D3-BF4B-00C04F79EFBC}") = "SqliteProvider", "src\SqliteProvider\SqliteProvider.csproj", "{7BD9D007-359B-4A8F-AC5D-48C75222D0A4}"
	ProjectSection(ProjectDependencies) = postProject
		{10D0F55B-F22A-4585-B892-80EC1C495A5E} = {10D0F55B-F22A-4585-B892-80EC1C495A5E}
		{4271E7EE-BB9B-4C31-B753-EE4796B4E1CB} = {4271E7EE-BB9B-4C31-B753-EE4796B4E1CB}
	EndProjectSection
EndProject
Project("{FAE04EC0-301F-11D3-BF4B-00C04F79EFBC}") = "SqliteWrapper", "src\SqliteProvider\SqliteWrapper\SqliteWrapper.csproj", "{10D0F55B-F22A-4585-B892-80EC1C495A5E}"
	ProjectSection(ProjectDependencies) = postProject
	EndProjectSection
EndProject
Project("{FAE04EC0-301F-11D3-BF4B-00C04F79EFBC}") = "SqliteProviderTests", "src\SqliteProvider\SqliteProviderTests\SqliteProviderTests.csproj", "{1AA957C5-2704-4724-B2EF-2CD8C3E075BB}"
	ProjectSection(ProjectDependencies) = postProject
		{7BD9D007-359B-4A8F-AC5D-48C75222D0A4} = {7BD9D007-359B-4A8F-AC5D-48C75222D0A4}
		{A9C837C5-51F8-4AE5-9C7C-2F024C7594CE} = {A9C837C5-51F8-4AE5-9C7C-2F024C7594CE}
	EndProjectSection
EndProject
Project("{FAE04EC0-301F-11D3-BF4B-00C04F79EFBC}") = "CollectionStore", "src\CollectionStore\CollectionStore.csproj", "{CB7ACE79-DE8D-4A5C-A8EF-4606199B225D}"
	ProjectSection(ProjectDependencies) = postProject
		{66557955-5474-4E02-B14E-8DA278BAC6EB} = {66557955-5474-4E02-B14E-8DA278BAC6EB}
		{D18468EC-F33F-4AB5-B67C-25E14DDBDADB} = {D18468EC-F33F-4AB5-B67C-25E14DDBDADB}
		{4271E7EE-BB9B-4C31-B753-EE4796B4E1CB} = {4271E7EE-BB9B-4C31-B753-EE4796B4E1CB}
	EndProjectSection
EndProject
Project("{FAE04EC0-301F-11D3-BF4B-00C04F79EFBC}") = "CollectionStoreTests", "src\CollectionStore\CollectionStoreTests\CollectionStoreTests.csproj", "{0BFAB3F8-375F-4D51-B04D-1D455F9C5E1D}"
	ProjectSection(ProjectDependencies) = postProject
		{CB7ACE79-DE8D-4A5C-A8EF-4606199B225D} = {CB7ACE79-DE8D-4A5C-A8EF-4606199B225D}
	EndProjectSection
EndProject
Project("{FAE04EC0-301F-11D3-BF4B-00C04F79EFBC}") = "UserService", "src\UserService\UserService.csproj", "{CD27F275-744D-482D-A4C6-CCDCC64E2A83}"
	ProjectSection(ProjectDependencies) = postProject
	EndProjectSection
EndProject
Project("{FAE04EC0-301F-11D3-BF4B-00C04F79EFBC}") = "FsProvider", "src\FsProvider\FsProvider.csproj", "{D18468EC-F33F-4AB5-B67C-25E14DDBDADB}"
	ProjectSection(ProjectDependencies) = postProject
	EndProjectSection
EndProject
Project("{FAE04EC0-301F-11D3-BF4B-00C04F79EFBC}") = "FsProviderTests", "src\FsProvider\FsProviderTests\FsProviderTests.csproj", "{5E7EB9CD-749F-497A-A69C-C431516C12F7}"
	ProjectSection(ProjectDependencies) = postProject
	EndProjectSection
EndProject
Project("{FAE04EC0-301F-11D3-BF4B-00C04F79EFBC}") = "FsWatcher", "src\FsWatcher\FsWatcher.csproj", "{06D0EAB9-C2F7-429B-BE97-C9315F2DED39}"
	ProjectSection(ProjectDependencies) = postProject
	EndProjectSection
EndProject
Project("{FAE04EC0-301F-11D3-BF4B-00C04F79EFBC}") = "Agent", "src\Agent\Library\Agent.csproj", "{9196E4EC-9EBD-4398-AE6B-B4D98F8502C3}"
	ProjectSection(ProjectDependencies) = postProject
	EndProjectSection
EndProject
Project("{FAE04EC0-301F-11D3-BF4B-00C04F79EFBC}") = "AgentTests", "src\Agent\Tests\AgentTests.csproj", "{2B4F9AD2-BB29-461C-94CD-536631DF6C6E}"
	ProjectSection(ProjectDependencies) = postProject
	EndProjectSection
EndProject
Project("{FAE04EC0-301F-11D3-BF4B-00C04F79EFBC}") = "SyncCommon", "src\SyncCommon\Library\SyncCommon.csproj", "{0C57D8FE-56E5-4DBE-92F4-F58D205CAA26}"
	ProjectSection(ProjectDependencies) = postProject
	EndProjectSection
EndProject
Project("{FAE04EC0-301F-11D3-BF4B-00C04F79EFBC}") = "SyncCommonTests", "src\SyncCommon\Tests\SyncCommonTests.csproj", "{56F279D9-6884-4AD2-A6DF-DF54D6DF160B}"
	ProjectSection(ProjectDependencies) = postProject
	EndProjectSection
EndProject
Project("{FAE04EC0-301F-11D3-BF4B-00C04F79EFBC}") = "StoreWatcher", "src\StoreWatcher\Library\StoreWatcher.csproj", "{6A5EF608-400F-4E03-B80C-CEA54C8ABE21}"
	ProjectSection(ProjectDependencies) = postProject
	EndProjectSection
EndProject
Project("{FAE04EC0-301F-11D3-BF4B-00C04F79EFBC}") = "StoreWatcherTests", "src\StoreWatcher\Tests\StoreWatcherTests.csproj", "{F3210AFF-9C8C-4AB1-8731-6CBFA0E38201}"
	ProjectSection(ProjectDependencies) = postProject
	EndProjectSection
EndProject
Project("{FAE04EC0-301F-11D3-BF4B-00C04F79EFBC}") = "CollectionWatcherTests", "src\CollectionWatcher\Tests\CollectionWatcherTests.csproj", "{F3210AFF-9C8C-4AB1-8731-6CBFA0E38201}"
	ProjectSection(ProjectDependencies) = postProject
	EndProjectSection
EndProject
Project("{FAE04EC0-301F-11D3-BF4B-00C04F79EFBC}") = "SyncManager", "src\SyncManager\Library\SyncManager.csproj", "{7C3A9242-E1EF-43F2-8297-4C1C98892946}"
	ProjectSection(ProjectDependencies) = postProject
	EndProjectSection
EndProject
Project("{FAE04EC0-301F-11D3-BF4B-00C04F79EFBC}") = "CollectionWatcher", "src\CollectionWatcher\Library\CollectionWatcher.csproj", "{22DA6C47-F4B3-456E-9514-B7417B4D9865}"
	ProjectSection(ProjectDependencies) = postProject
	EndProjectSection
EndProject
Project("{FAE04EC0-301F-11D3-BF4B-00C04F79EFBC}") = "SyncManagerTests", "src\SyncManager\Tests\SyncManagerTests.csproj", "{1EBAAE12-4DFE-4412-A338-7B8501260047}"
	ProjectSection(ProjectDependencies) = postProject
	EndProjectSection
EndProject
Project("{FAE04EC0-301F-11D3-BF4B-00C04F79EFBC}") = "Sync", "src\Sync\Sync.csproj", "{695672D2-F178-4442-8283-0CB243FB140A}"
	ProjectSection(ProjectDependencies) = postProject
	EndProjectSection
EndProject
Project("{FAE04EC0-301F-11D3-BF4B-00C04F79EFBC}") = "SyncLogicLite", "src\SyncLogicLite\Library\SyncLogicLite.csproj", "{B070EE49-1EFB-442C-BBDD-EDB78FF28683}"
	ProjectSection(ProjectDependencies) = postProject
	EndProjectSection
EndProject
Project("{FAE04EC0-301F-11D3-BF4B-00C04F79EFBC}") = "SyncLogicLiteTests", "src\SyncLogicLite\Tests\SyncLogicLiteTests.csproj", "{B09EB2F9-1809-4777-8E7E-17E74FBDA908}"
	ProjectSection(ProjectDependencies) = postProject
	EndProjectSection
EndProject
Project("{FAE04EC0-301F-11D3-BF4B-00C04F79EFBC}") = "Ping", "src\SyncTools\Ping\Ping.csproj", "{99CAC662-0DDA-4094-8473-CDFE1ACE7AD6}"
	ProjectSection(ProjectDependencies) = postProject
	EndProjectSection
EndProject
Project("{FAE04EC0-301F-11D3-BF4B-00C04F79EFBC}") = "AddressBook", "src\AddressBook\AddressBook.csproj", "{91EECEEF-0FD1-41A3-892C-D3A0F39BC711}"
	ProjectSection(ProjectDependencies) = postProject
	EndProjectSection
EndProject
Project("{FAE04EC0-301F-11D3-BF4B-00C04F79EFBC}") = "AddressBookTests", "src\AddressBook\AddressBookTests\AddressBookTests.csproj", "{78357778-9130-49FD-B964-DBEE3777875B}"
	ProjectSection(ProjectDependencies) = postProject
	EndProjectSection
EndProject
Project("{FAE04EC0-301F-11D3-BF4B-00C04F79EFBC}") = "Smtp", "src\Smtp\Smtp.csproj", "{7E6DFD17-8603-4B53-B71D-AE15E441DA5E}"
	ProjectSection(ProjectDependencies) = postProject
	EndProjectSection
EndProject
Project("{FAE04EC0-301F-11D3-BF4B-00C04F79EFBC}") = "SmtpTests", "src\Smtp\SmtpTests.csproj", "{51F5D40C-4FB6-4AB0-BBEE-34858E0EFD2A}"
	ProjectSection(ProjectDependencies) = postProject
	EndProjectSection
EndProject
Project("{FAE04EC0-301F-11D3-BF4B-00C04F79EFBC}") = "InviteAgent", "src\InviteAgent\Library\InviteAgent.csproj", "{DB2F7899-F3D5-4379-88A1-676F684D7588}"
	ProjectSection(ProjectDependencies) = postProject
	EndProjectSection
EndProject
Project("{FAE04EC0-301F-11D3-BF4B-00C04F79EFBC}") = "InviteAgentTests", "src\InviteAgent\Tests\InviteAgentTests.csproj", "{9BDABCB7-021A-4CB5-9133-D8FC74CA1C9C}"
	ProjectSection(ProjectDependencies) = postProject
	EndProjectSection
EndProject
Project("{FAE04EC0-301F-11D3-BF4B-00C04F79EFBC}") = "CommonFormsWindows", "src\CommonFormWindows\Library\CommonFormsWindows.csproj", "{CCCF72D7-AC9A-45DC-AF2D-0CF52BBA0565}"
	ProjectSection(ProjectDependencies) = postProject
	EndProjectSection
EndProject
Project("{FAE04EC0-301F-11D3-BF4B-00C04F79EFBC}") = "CommonFormsWindowsTests", "src\CommonFormWindows\Tests\CommonFormsWindowsTests.csproj", "{27C8E063-4FA2-4A0E-B9AA-0BB5ED1F4903}"
	ProjectSection(ProjectDependencies) = postProject
	EndProjectSection
EndProject
Project("{FAE04EC0-301F-11D3-BF4B-00C04F79EFBC}") = "CsEventBroker", "src\CollectionEvents\CsEventBroker\CsEventBroker.csproj", "{66557955-5474-4E02-B14E-8DA278BAC6EB}"
	ProjectSection(ProjectDependencies) = postProject
	EndProjectSection
EndProject
Project("{FAE04EC0-301F-11D3-BF4B-00C04F79EFBC}") = "Storage", "src\Storage\Storage.csproj", "{1614B641-3E27-43CD-B611-A0EE2B03EDFE}"
	ProjectSection(ProjectDependencies) = postProject
	EndProjectSection
EndProject
Global
	GlobalSection(SolutionConfiguration) = preSolution
		Debug = Debug
		Release = Release
	EndGlobalSection
	GlobalSection(ProjectConfiguration) = postSolution
		{2E918CCD-6919-4453-9BDE-1FF22657CAB5}.Debug.ActiveCfg = Debug|.NET
		{2E918CCD-6919-4453-9BDE-1FF22657CAB5}.Debug.Build.0 = Debug|.NET
		{2E918CCD-6919-4453-9BDE-1FF22657CAB5}.Release.ActiveCfg = Release|.NET
		{2E918CCD-6919-4453-9BDE-1FF22657CAB5}.Release.Build.0 = Release|.NET
		{3374E8A0-3ADB-48EF-BC61-3B3C77E6FC6E}.Debug.ActiveCfg = Debug|.NET
		{3374E8A0-3ADB-48EF-BC61-3B3C77E6FC6E}.Debug.Build.0 = Debug|.NET
		{3374E8A0-3ADB-48EF-BC61-3B3C77E6FC6E}.Release.ActiveCfg = Release|.NET
		{3374E8A0-3ADB-48EF-BC61-3B3C77E6FC6E}.Release.Build.0 = Release|.NET
		{9B517041-29A3-4817-BA8E-02ECF03477C4}.Debug.ActiveCfg = Debug|.NET
		{9B517041-29A3-4817-BA8E-02ECF03477C4}.Debug.Build.0 = Debug|.NET
		{9B517041-29A3-4817-BA8E-02ECF03477C4}.Release.ActiveCfg = Release|.NET
		{9B517041-29A3-4817-BA8E-02ECF03477C4}.Release.Build.0 = Release|.NET
		{C248F751-564F-4D3B-8EAB-A77B81ED9D32}.Debug.ActiveCfg = Debug|.NET
		{C248F751-564F-4D3B-8EAB-A77B81ED9D32}.Debug.Build.0 = Debug|.NET
		{C248F751-564F-4D3B-8EAB-A77B81ED9D32}.Release.ActiveCfg = Release|.NET
		{C248F751-564F-4D3B-8EAB-A77B81ED9D32}.Release.Build.0 = Release|.NET
		{680C2A55-3F33-45EA-AA67-5652592D93FE}.Debug.ActiveCfg = Debug|.NET
		{680C2A55-3F33-45EA-AA67-5652592D93FE}.Debug.Build.0 = Debug|.NET
		{680C2A55-3F33-45EA-AA67-5652592D93FE}.Release.ActiveCfg = Release|.NET
		{680C2A55-3F33-45EA-AA67-5652592D93FE}.Release.Build.0 = Release|.NET
		{7ED78832-BAC2-47CE-B858-5142E4CAE0E1}.Debug.ActiveCfg = Debug|.NET
		{7ED78832-BAC2-47CE-B858-5142E4CAE0E1}.Debug.Build.0 = Debug|.NET
		{7ED78832-BAC2-47CE-B858-5142E4CAE0E1}.Release.ActiveCfg = Release|.NET
		{7ED78832-BAC2-47CE-B858-5142E4CAE0E1}.Release.Build.0 = Release|.NET
		{4271E7EE-BB9B-4C31-B753-EE4796B4E1CB}.Debug.ActiveCfg = Debug|.NET
		{4271E7EE-BB9B-4C31-B753-EE4796B4E1CB}.Debug.Build.0 = Debug|.NET
		{4271E7EE-BB9B-4C31-B753-EE4796B4E1CB}.Release.ActiveCfg = Release|.NET
		{4271E7EE-BB9B-4C31-B753-EE4796B4E1CB}.Release.Build.0 = Release|.NET
		{A9C837C5-51F8-4AE5-9C7C-2F024C7594CE}.Debug.ActiveCfg = Debug|.NET
		{A9C837C5-51F8-4AE5-9C7C-2F024C7594CE}.Debug.Build.0 = Debug|.NET
		{A9C837C5-51F8-4AE5-9C7C-2F024C7594CE}.Release.ActiveCfg = Release|.NET
		{A9C837C5-51F8-4AE5-9C7C-2F024C7594CE}.Release.Build.0 = Release|.NET
		{7BD9D007-359B-4A8F-AC5D-48C75222D0A4}.Debug.ActiveCfg = Debug|.NET
		{7BD9D007-359B-4A8F-AC5D-48C75222D0A4}.Debug.Build.0 = Debug|.NET
		{7BD9D007-359B-4A8F-AC5D-48C75222D0A4}.Release.ActiveCfg = Release|.NET
		{7BD9D007-359B-4A8F-AC5D-48C75222D0A4}.Release.Build.0 = Release|.NET
		{10D0F55B-F22A-4585-B892-80EC1C495A5E}.Debug.ActiveCfg = Debug|.NET
		{10D0F55B-F22A-4585-B892-80EC1C495A5E}.Debug.Build.0 = Debug|.NET
		{10D0F55B-F22A-4585-B892-80EC1C495A5E}.Release.ActiveCfg = Release|.NET
		{10D0F55B-F22A-4585-B892-80EC1C495A5E}.Release.Build.0 = Release|.NET
		{1AA957C5-2704-4724-B2EF-2CD8C3E075BB}.Debug.ActiveCfg = Debug|.NET
		{1AA957C5-2704-4724-B2EF-2CD8C3E075BB}.Debug.Build.0 = Debug|.NET
		{1AA957C5-2704-4724-B2EF-2CD8C3E075BB}.Release.ActiveCfg = Release|.NET
		{1AA957C5-2704-4724-B2EF-2CD8C3E075BB}.Release.Build.0 = Release|.NET
		{CB7ACE79-DE8D-4A5C-A8EF-4606199B225D}.Debug.ActiveCfg = Debug|.NET
		{CB7ACE79-DE8D-4A5C-A8EF-4606199B225D}.Debug.Build.0 = Debug|.NET
		{CB7ACE79-DE8D-4A5C-A8EF-4606199B225D}.Release.ActiveCfg = Release|.NET
		{CB7ACE79-DE8D-4A5C-A8EF-4606199B225D}.Release.Build.0 = Release|.NET
		{0BFAB3F8-375F-4D51-B04D-1D455F9C5E1D}.Debug.ActiveCfg = Debug|.NET
		{0BFAB3F8-375F-4D51-B04D-1D455F9C5E1D}.Debug.Build.0 = Debug|.NET
		{0BFAB3F8-375F-4D51-B04D-1D455F9C5E1D}.Release.ActiveCfg = Release|.NET
		{0BFAB3F8-375F-4D51-B04D-1D455F9C5E1D}.Release.Build.0 = Release|.NET
		{CD27F275-744D-482D-A4C6-CCDCC64E2A83}.Debug.ActiveCfg = Debug|.NET
		{CD27F275-744D-482D-A4C6-CCDCC64E2A83}.Debug.Build.0 = Debug|.NET
		{CD27F275-744D-482D-A4C6-CCDCC64E2A83}.Release.ActiveCfg = Release|.NET
		{CD27F275-744D-482D-A4C6-CCDCC64E2A83}.Release.Build.0 = Release|.NET
		{D18468EC-F33F-4AB5-B67C-25E14DDBDADB}.Debug.ActiveCfg = Debug|.NET
		{D18468EC-F33F-4AB5-B67C-25E14DDBDADB}.Debug.Build.0 = Debug|.NET
		{D18468EC-F33F-4AB5-B67C-25E14DDBDADB}.Release.ActiveCfg = Release|.NET
		{D18468EC-F33F-4AB5-B67C-25E14DDBDADB}.Release.Build.0 = Release|.NET
		{5E7EB9CD-749F-497A-A69C-C431516C12F7}.Debug.ActiveCfg = Debug|.NET
		{5E7EB9CD-749F-497A-A69C-C431516C12F7}.Debug.Build.0 = Debug|.NET
		{5E7EB9CD-749F-497A-A69C-C431516C12F7}.Release.ActiveCfg = Release|.NET
		{5E7EB9CD-749F-497A-A69C-C431516C12F7}.Release.Build.0 = Release|.NET
		{06D0EAB9-C2F7-429B-BE97-C9315F2DED39}.Debug.ActiveCfg = Debug|.NET
		{06D0EAB9-C2F7-429B-BE97-C9315F2DED39}.Debug.Build.0 = Debug|.NET
		{06D0EAB9-C2F7-429B-BE97-C9315F2DED39}.Release.ActiveCfg = Release|.NET
		{06D0EAB9-C2F7-429B-BE97-C9315F2DED39}.Release.Build.0 = Release|.NET
		{9196E4EC-9EBD-4398-AE6B-B4D98F8502C3}.Debug.ActiveCfg = Debug|.NET
		{9196E4EC-9EBD-4398-AE6B-B4D98F8502C3}.Debug.Build.0 = Debug|.NET
		{9196E4EC-9EBD-4398-AE6B-B4D98F8502C3}.Release.ActiveCfg = Release|.NET
		{9196E4EC-9EBD-4398-AE6B-B4D98F8502C3}.Release.Build.0 = Release|.NET
		{2B4F9AD2-BB29-461C-94CD-536631DF6C6E}.Debug.ActiveCfg = Debug|.NET
		{2B4F9AD2-BB29-461C-94CD-536631DF6C6E}.Debug.Build.0 = Debug|.NET
		{2B4F9AD2-BB29-461C-94CD-536631DF6C6E}.Release.ActiveCfg = Release|.NET
		{2B4F9AD2-BB29-461C-94CD-536631DF6C6E}.Release.Build.0 = Release|.NET
		{0C57D8FE-56E5-4DBE-92F4-F58D205CAA26}.Debug.ActiveCfg = Debug|.NET
		{0C57D8FE-56E5-4DBE-92F4-F58D205CAA26}.Debug.Build.0 = Debug|.NET
		{0C57D8FE-56E5-4DBE-92F4-F58D205CAA26}.Release.ActiveCfg = Release|.NET
		{0C57D8FE-56E5-4DBE-92F4-F58D205CAA26}.Release.Build.0 = Release|.NET
		{56F279D9-6884-4AD2-A6DF-DF54D6DF160B}.Debug.ActiveCfg = Debug|.NET
		{56F279D9-6884-4AD2-A6DF-DF54D6DF160B}.Debug.Build.0 = Debug|.NET
		{56F279D9-6884-4AD2-A6DF-DF54D6DF160B}.Release.ActiveCfg = Release|.NET
		{56F279D9-6884-4AD2-A6DF-DF54D6DF160B}.Release.Build.0 = Release|.NET
		{6A5EF608-400F-4E03-B80C-CEA54C8ABE21}.Debug.ActiveCfg = Debug|.NET
		{6A5EF608-400F-4E03-B80C-CEA54C8ABE21}.Debug.Build.0 = Debug|.NET
		{6A5EF608-400F-4E03-B80C-CEA54C8ABE21}.Release.ActiveCfg = Release|.NET
		{6A5EF608-400F-4E03-B80C-CEA54C8ABE21}.Release.Build.0 = Release|.NET
		{F3210AFF-9C8C-4AB1-8731-6CBFA0E38201}.Debug.ActiveCfg = Debug|.NET
		{F3210AFF-9C8C-4AB1-8731-6CBFA0E38201}.Debug.Build.0 = Debug|.NET
		{F3210AFF-9C8C-4AB1-8731-6CBFA0E38201}.Release.ActiveCfg = Release|.NET
		{F3210AFF-9C8C-4AB1-8731-6CBFA0E38201}.Release.Build.0 = Release|.NET
		{F3210AFF-9C8C-4AB1-8731-6CBFA0E38201}.Debug.ActiveCfg = Debug|.NET
		{F3210AFF-9C8C-4AB1-8731-6CBFA0E38201}.Debug.Build.0 = Debug|.NET
		{F3210AFF-9C8C-4AB1-8731-6CBFA0E38201}.Release.ActiveCfg = Release|.NET
		{F3210AFF-9C8C-4AB1-8731-6CBFA0E38201}.Release.Build.0 = Release|.NET
		{7C3A9242-E1EF-43F2-8297-4C1C98892946}.Debug.ActiveCfg = Debug|.NET
		{7C3A9242-E1EF-43F2-8297-4C1C98892946}.Debug.Build.0 = Debug|.NET
		{7C3A9242-E1EF-43F2-8297-4C1C98892946}.Release.ActiveCfg = Release|.NET
		{7C3A9242-E1EF-43F2-8297-4C1C98892946}.Release.Build.0 = Release|.NET
		{22DA6C47-F4B3-456E-9514-B7417B4D9865}.Debug.ActiveCfg = Debug|.NET
		{22DA6C47-F4B3-456E-9514-B7417B4D9865}.Debug.Build.0 = Debug|.NET
		{22DA6C47-F4B3-456E-9514-B7417B4D9865}.Release.ActiveCfg = Release|.NET
		{22DA6C47-F4B3-456E-9514-B7417B4D9865}.Release.Build.0 = Release|.NET
		{1EBAAE12-4DFE-4412-A338-7B8501260047}.Debug.ActiveCfg = Debug|.NET
		{1EBAAE12-4DFE-4412-A338-7B8501260047}.Debug.Build.0 = Debug|.NET
		{1EBAAE12-4DFE-4412-A338-7B8501260047}.Release.ActiveCfg = Release|.NET
		{1EBAAE12-4DFE-4412-A338-7B8501260047}.Release.Build.0 = Release|.NET
		{695672D2-F178-4442-8283-0CB243FB140A}.Debug.ActiveCfg = Debug|.NET
		{695672D2-F178-4442-8283-0CB243FB140A}.Debug.Build.0 = Debug|.NET
		{695672D2-F178-4442-8283-0CB243FB140A}.Release.ActiveCfg = Release|.NET
		{695672D2-F178-4442-8283-0CB243FB140A}.Release.Build.0 = Release|.NET
		{B070EE49-1EFB-442C-BBDD-EDB78FF28683}.Debug.ActiveCfg = Debug|.NET
		{B070EE49-1EFB-442C-BBDD-EDB78FF28683}.Debug.Build.0 = Debug|.NET
		{B070EE49-1EFB-442C-BBDD-EDB78FF28683}.Release.ActiveCfg = Release|.NET
		{B070EE49-1EFB-442C-BBDD-EDB78FF28683}.Release.Build.0 = Release|.NET
		{B09EB2F9-1809-4777-8E7E-17E74FBDA908}.Debug.ActiveCfg = Debug|.NET
		{B09EB2F9-1809-4777-8E7E-17E74FBDA908}.Debug.Build.0 = Debug|.NET
		{B09EB2F9-1809-4777-8E7E-17E74FBDA908}.Release.ActiveCfg = Release|.NET
		{B09EB2F9-1809-4777-8E7E-17E74FBDA908}.Release.Build.0 = Release|.NET
		{99CAC662-0DDA-4094-8473-CDFE1ACE7AD6}.Debug.ActiveCfg = Debug|.NET
		{99CAC662-0DDA-4094-8473-CDFE1ACE7AD6}.Debug.Build.0 = Debug|.NET
		{99CAC662-0DDA-4094-8473-CDFE1ACE7AD6}.Release.ActiveCfg = Release|.NET
		{99CAC662-0DDA-4094-8473-CDFE1ACE7AD6}.Release.Build.0 = Release|.NET
		{91EECEEF-0FD1-41A3-892C-D3A0F39BC711}.Debug.ActiveCfg = Debug|.NET
		{91EECEEF-0FD1-41A3-892C-D3A0F39BC711}.Debug.Build.0 = Debug|.NET
		{91EECEEF-0FD1-41A3-892C-D3A0F39BC711}.Release.ActiveCfg = Release|.NET
		{91EECEEF-0FD1-41A3-892C-D3A0F39BC711}.Release.Build.0 = Release|.NET
		{78357778-9130-49FD-B964-DBEE3777875B}.Debug.ActiveCfg = Debug|.NET
		{78357778-9130-49FD-B964-DBEE3777875B}.Debug.Build.0 = Debug|.NET
		{78357778-9130-49FD-B964-DBEE3777875B}.Release.ActiveCfg = Release|.NET
		{78357778-9130-49FD-B964-DBEE3777875B}.Release.Build.0 = Release|.NET
		{7E6DFD17-8603-4B53-B71D-AE15E441DA5E}.Debug.ActiveCfg = Debug|.NET
		{7E6DFD17-8603-4B53-B71D-AE15E441DA5E}.Debug.Build.0 = Debug|.NET
		{7E6DFD17-8603-4B53-B71D-AE15E441DA5E}.Release.ActiveCfg = Release|.NET
		{7E6DFD17-8603-4B53-B71D-AE15E441DA5E}.Release.Build.0 = Release|.NET
		{51F5D40C-4FB6-4AB0-BBEE-34858E0EFD2A}.Debug.ActiveCfg = Debug|.NET
		{51F5D40C-4FB6-4AB0-BBEE-34858E0EFD2A}.Debug.Build.0 = Debug|.NET
		{51F5D40C-4FB6-4AB0-BBEE-34858E0EFD2A}.Release.ActiveCfg = Release|.NET
		{51F5D40C-4FB6-4AB0-BBEE-34858E0EFD2A}.Release.Build.0 = Release|.NET
		{DB2F7899-F3D5-4379-88A1-676F684D7588}.Debug.ActiveCfg = Debug|.NET
		{DB2F7899-F3D5-4379-88A1-676F684D7588}.Debug.Build.0 = Debug|.NET
		{DB2F7899-F3D5-4379-88A1-676F684D7588}.Release.ActiveCfg = Release|.NET
		{DB2F7899-F3D5-4379-88A1-676F684D7588}.Release.Build.0 = Release|.NET
		{9BDABCB7-021A-4CB5-9133-D8FC74CA1C9C}.Debug.ActiveCfg = Debug|.NET
		{9BDABCB7-021A-4CB5-9133-D8FC74CA1C9C}.Debug.Build.0 = Debug|.NET
		{9BDABCB7-021A-4CB5-9133-D8FC74CA1C9C}.Release.ActiveCfg = Release|.NET
		{9BDABCB7-021A-4CB5-9133-D8FC74CA1C9C}.Release.Build.0 = Release|.NET
		{CCCF72D7-AC9A-45DC-AF2D-0CF52BBA0565}.Debug.ActiveCfg = Debug|.NET
		{CCCF72D7-AC9A-45DC-AF2D-0CF52BBA0565}.Debug.Build.0 = Debug|.NET
		{CCCF72D7-AC9A-45DC-AF2D-0CF52BBA0565}.Release.ActiveCfg = Release|.NET
		{CCCF72D7-AC9A-45DC-AF2D-0CF52BBA0565}.Release.Build.0 = Release|.NET
		{27C8E063-4FA2-4A0E-B9AA-0BB5ED1F4903}.Debug.ActiveCfg = Debug|.NET
		{27C8E063-4FA2-4A0E-B9AA-0BB5ED1F4903}.Debug.Build.0 = Debug|.NET
		{27C8E063-4FA2-4A0E-B9AA-0BB5ED1F4903}.Release.ActiveCfg = Release|.NET
		{27C8E063-4FA2-4A0E-B9AA-0BB5ED1F4903}.Release.Build.0 = Release|.NET
		{66557955-5474-4E02-B14E-8DA278BAC6EB}.Debug.ActiveCfg = Debug|.NET
		{66557955-5474-4E02-B14E-8DA278BAC6EB}.Debug.Build.0 = Debug|.NET
		{66557955-5474-4E02-B14E-8DA278BAC6EB}.Release.ActiveCfg = Release|.NET
		{66557955-5474-4E02-B14E-8DA278BAC6EB}.Release.Build.0 = Release|.NET
		{1614B641-3E27-43CD-B611-A0EE2B03EDFE}.Debug.ActiveCfg = Debug|.NET
		{1614B641-3E27-43CD-B611-A0EE2B03EDFE}.Debug.Build.0 = Debug|.NET
		{1614B641-3E27-43CD-B611-A0EE2B03EDFE}.Release.ActiveCfg = Release|.NET
		{1614B641-3E27-43CD-B611-A0EE2B03EDFE}.Release.Build.0 = Release|.NET
	EndGlobalSection
	GlobalSection(ExtensibilityGlobals) = postSolution
	EndGlobalSection
	GlobalSection(ExtensibilityAddIns) = postSolution
	EndGlobalSection
EndGlobal
