Microsoft Visual Studio Solution File, Format Version 8.00
Project("{FAE04EC0-301F-11D3-BF4B-00C04F79EFBC}") = "CollectionStoreTests", "CollectionStore\CollectionStoreTests.csproj", "{C1E83DD0-5457-4D79-8335-E28D3C8758F9}"
	ProjectSection(ProjectDependencies) = postProject
	EndProjectSection
EndProject
Project("{FAE04EC0-301F-11D3-BF4B-00C04F79EFBC}") = "ChangeLogTest", "ChangeLog\ChangeLogTest.csproj", "{333DC349-12FB-4D75-A5DB-02676E096508}"
	ProjectSection(ProjectDependencies) = postProject
	EndProjectSection
EndProject
Project("{FAE04EC0-301F-11D3-BF4B-00C04F79EFBC}") = "SimiasTestsWS", "SimiasTestsWS\SimiasTestsWS.csproj", "{76E8BD10-648C-4DA9-8140-81FA7627DCD0}"
	ProjectSection(ProjectDependencies) = postProject
	EndProjectSection
EndProject
Project("{FAE04EC0-301F-11D3-BF4B-00C04F79EFBC}") = "Encryption", "Encryption\Encryption.csproj", "{91E243E7-141B-4EBA-AA3E-DAACD410EB3B}"
	ProjectSection(ProjectDependencies) = postProject
	EndProjectSection
EndProject
Global
	GlobalSection(SolutionConfiguration) = preSolution
		Debug = Debug
		Release = Release
	EndGlobalSection
	GlobalSection(ProjectConfiguration) = postSolution
		{C1E83DD0-5457-4D79-8335-E28D3C8758F9}.Debug.ActiveCfg = Debug|.NET
		{C1E83DD0-5457-4D79-8335-E28D3C8758F9}.Debug.Build.0 = Debug|.NET
		{C1E83DD0-5457-4D79-8335-E28D3C8758F9}.Release.ActiveCfg = Release|.NET
		{C1E83DD0-5457-4D79-8335-E28D3C8758F9}.Release.Build.0 = Release|.NET
		{333DC349-12FB-4D75-A5DB-02676E096508}.Debug.ActiveCfg = Debug|.NET
		{333DC349-12FB-4D75-A5DB-02676E096508}.Debug.Build.0 = Debug|.NET
		{333DC349-12FB-4D75-A5DB-02676E096508}.Release.ActiveCfg = Release|.NET
		{333DC349-12FB-4D75-A5DB-02676E096508}.Release.Build.0 = Release|.NET
		{76E8BD10-648C-4DA9-8140-81FA7627DCD0}.Debug.ActiveCfg = Debug|.NET
		{76E8BD10-648C-4DA9-8140-81FA7627DCD0}.Debug.Build.0 = Debug|.NET
		{76E8BD10-648C-4DA9-8140-81FA7627DCD0}.Release.ActiveCfg = Release|.NET
		{76E8BD10-648C-4DA9-8140-81FA7627DCD0}.Release.Build.0 = Release|.NET
		{91E243E7-141B-4EBA-AA3E-DAACD410EB3B}.Debug.ActiveCfg = Debug|.NET
		{91E243E7-141B-4EBA-AA3E-DAACD410EB3B}.Debug.Build.0 = Debug|.NET
		{91E243E7-141B-4EBA-AA3E-DAACD410EB3B}.Release.ActiveCfg = Release|.NET
		{91E243E7-141B-4EBA-AA3E-DAACD410EB3B}.Release.Build.0 = Release|.NET
	EndGlobalSection
	GlobalSection(ExtensibilityGlobals) = postSolution
	EndGlobalSection
	GlobalSection(ExtensibilityAddIns) = postSolution
	EndGlobalSection
EndGlobal
