Microsoft Visual Studio Solution File, Format Version 8.00
Project("{FAE04EC0-301F-11D3-BF4B-00C04F79EFBC}") = "Library", "Library\Library.csproj", "{9196E4EC-9EBD-4398-AE6B-B4D98F8502C3}"
	ProjectSection(ProjectDependencies) = postProject
	EndProjectSection
EndProject
Project("{FAE04EC0-301F-11D3-BF4B-00C04F79EFBC}") = "Tests", "Tests\Tests.csproj", "{2B4F9AD2-BB29-461C-94CD-536631DF6C6E}"
	ProjectSection(ProjectDependencies) = postProject
		{9196E4EC-9EBD-4398-AE6B-B4D98F8502C3} = {9196E4EC-9EBD-4398-AE6B-B4D98F8502C3}
	EndProjectSection
EndProject
Global
	GlobalSection(SolutionConfiguration) = preSolution
		Debug = Debug
		Release = Release
	EndGlobalSection
	GlobalSection(ProjectConfiguration) = postSolution
		{9196E4EC-9EBD-4398-AE6B-B4D98F8502C3}.Debug.ActiveCfg = Debug|.NET
		{9196E4EC-9EBD-4398-AE6B-B4D98F8502C3}.Debug.Build.0 = Debug|.NET
		{9196E4EC-9EBD-4398-AE6B-B4D98F8502C3}.Release.ActiveCfg = Release|.NET
		{9196E4EC-9EBD-4398-AE6B-B4D98F8502C3}.Release.Build.0 = Release|.NET
		{2B4F9AD2-BB29-461C-94CD-536631DF6C6E}.Debug.ActiveCfg = Debug|.NET
		{2B4F9AD2-BB29-461C-94CD-536631DF6C6E}.Debug.Build.0 = Debug|.NET
		{2B4F9AD2-BB29-461C-94CD-536631DF6C6E}.Release.ActiveCfg = Release|.NET
		{2B4F9AD2-BB29-461C-94CD-536631DF6C6E}.Release.Build.0 = Release|.NET
	EndGlobalSection
	GlobalSection(ExtensibilityGlobals) = postSolution
	EndGlobalSection
	GlobalSection(ExtensibilityAddIns) = postSolution
	EndGlobalSection
EndGlobal
