Microsoft Visual Studio Solution File, Format Version 8.00
Project("{FAE04EC0-301F-11D3-BF4B-00C04F79EFBC}") = "SimiasServer", "SimiasServer.csproj", "{1376F3A9-1870-43D1-8EEF-08C977E4D246}"
	ProjectSection(ProjectDependencies) = postProject
	EndProjectSection
EndProject
Global
	GlobalSection(SolutionConfiguration) = preSolution
		Debug = Debug
		Release = Release
	EndGlobalSection
	GlobalSection(ProjectConfiguration) = postSolution
		{1376F3A9-1870-43D1-8EEF-08C977E4D246}.Debug.ActiveCfg = Debug|.NET
		{1376F3A9-1870-43D1-8EEF-08C977E4D246}.Debug.Build.0 = Debug|.NET
		{1376F3A9-1870-43D1-8EEF-08C977E4D246}.Release.ActiveCfg = Release|.NET
		{1376F3A9-1870-43D1-8EEF-08C977E4D246}.Release.Build.0 = Release|.NET
	EndGlobalSection
	GlobalSection(ExtensibilityGlobals) = postSolution
	EndGlobalSection
	GlobalSection(ExtensibilityAddIns) = postSolution
	EndGlobalSection
EndGlobal
