Microsoft Visual Studio Solution File, Format Version 8.00
Project("{FAE04EC0-301F-11D3-BF4B-00C04F79EFBC}") = "AddressBook", "AddressBook.csproj", "{91EECEEF-0FD1-41A3-892C-D3A0F39BC711}"
	ProjectSection(ProjectDependencies) = postProject
	EndProjectSection
EndProject
Project("{FAE04EC0-301F-11D3-BF4B-00C04F79EFBC}") = "AddressBookTests", "AddressBookTests\AddressBookTests.csproj", "{78357778-9130-49FD-B964-DBEE3777875B}"
	ProjectSection(ProjectDependencies) = postProject
		{91EECEEF-0FD1-41A3-892C-D3A0F39BC711} = {91EECEEF-0FD1-41A3-892C-D3A0F39BC711}
	EndProjectSection
EndProject
Global
	GlobalSection(SolutionConfiguration) = preSolution
		Debug = Debug
		Release = Release
	EndGlobalSection
	GlobalSection(ProjectConfiguration) = postSolution
		{91EECEEF-0FD1-41A3-892C-D3A0F39BC711}.Debug.ActiveCfg = Debug|.NET
		{91EECEEF-0FD1-41A3-892C-D3A0F39BC711}.Debug.Build.0 = Debug|.NET
		{91EECEEF-0FD1-41A3-892C-D3A0F39BC711}.Release.ActiveCfg = Release|.NET
		{91EECEEF-0FD1-41A3-892C-D3A0F39BC711}.Release.Build.0 = Release|.NET
		{78357778-9130-49FD-B964-DBEE3777875B}.Debug.ActiveCfg = Debug|.NET
		{78357778-9130-49FD-B964-DBEE3777875B}.Debug.Build.0 = Debug|.NET
		{78357778-9130-49FD-B964-DBEE3777875B}.Release.ActiveCfg = Release|.NET
		{78357778-9130-49FD-B964-DBEE3777875B}.Release.Build.0 = Release|.NET
	EndGlobalSection
	GlobalSection(ExtensibilityGlobals) = postSolution
	EndGlobalSection
	GlobalSection(ExtensibilityAddIns) = postSolution
	EndGlobalSection
EndGlobal
