// !$*UTF8*$!
{
	archiveVersion = 1;
	classes = {
	};
	objectVersion = 42;
	objects = {

/* Begin PBXBuildFile section */
		3E09F7AC07C0387700381F59 /* save32.png in Resources */ = {isa = PBXBuildFile; fileRef = 3E09F7AB07C0387700381F59 /* save32.png */; };
		3E09F7AE07C0388400381F59 /* clear32.png in Resources */ = {isa = PBXBuildFile; fileRef = 3E09F7AD07C0388400381F59 /* clear32.png */; };
		3E09F82207C0489300381F59 /* setup32.png in Resources */ = {isa = PBXBuildFile; fileRef = 3E09F82107C0489300381F59 /* setup32.png */; };
		3E09F82807C0489F00381F59 /* share32.png in Resources */ = {isa = PBXBuildFile; fileRef = 3E09F82707C0489F00381F59 /* share32.png */; };
		3E09F82E07C048AA00381F59 /* sync32.png in Resources */ = {isa = PBXBuildFile; fileRef = 3E09F82D07C048AA00381F59 /* sync32.png */; };
		3E09F83407C048B700381F59 /* conflict32.png in Resources */ = {isa = PBXBuildFile; fileRef = 3E09F83307C048B700381F59 /* conflict32.png */; };
		3E09F86007C04CE200381F59 /* newifolder32.png in Resources */ = {isa = PBXBuildFile; fileRef = 3E09F85F07C04CE200381F59 /* newifolder32.png */; };
		3E0E6CBE07C7D41B0057D505 /* iFolderConflict.h in Resources */ = {isa = PBXBuildFile; fileRef = 3E0E6CBC07C7D41B0057D505 /* iFolderConflict.h */; };
		3E0E6CBF07C7D41B0057D505 /* iFolderConflict.m in Sources */ = {isa = PBXBuildFile; fileRef = 3E0E6CBD07C7D41B0057D505 /* iFolderConflict.m */; };
		3E0E6D0007C7E7290057D505 /* ConflictWindowController.m in Sources */ = {isa = PBXBuildFile; fileRef = 3E0E6CFE07C7E7290057D505 /* ConflictWindowController.m */; };
		3E0E6D0107C7E7290057D505 /* ConflictWindowController.h in Resources */ = {isa = PBXBuildFile; fileRef = 3E0E6CFF07C7E7290057D505 /* ConflictWindowController.h */; };
		3E15669D07C5330600972388 /* VerticalBarView.m in Sources */ = {isa = PBXBuildFile; fileRef = 3E15669B07C5330600972388 /* VerticalBarView.m */; };
		3E15669E07C5330600972388 /* VerticalBarView.h in Resources */ = {isa = PBXBuildFile; fileRef = 3E15669C07C5330600972388 /* VerticalBarView.h */; };
		3E19255107A7E1FF00F9E44D /* ifolder-banner.png in Resources */ = {isa = PBXBuildFile; fileRef = 3E19255007A7E1FF00F9E44D /* ifolder-banner.png */; };
		3E19255307A7E20700F9E44D /* ifolder-banner-scaler.png in Resources */ = {isa = PBXBuildFile; fileRef = 3E19255207A7E20700F9E44D /* ifolder-banner-scaler.png */; };
		3E19989607BAC5BD00AAC29A /* SimiasEventData.h in Resources */ = {isa = PBXBuildFile; fileRef = 3E19989407BAC5BD00AAC29A /* SimiasEventData.h */; };
		3E19989707BAC5BD00AAC29A /* SimiasEventData.m in Sources */ = {isa = PBXBuildFile; fileRef = 3E19989507BAC5BD00AAC29A /* SimiasEventData.m */; };
		3E1998AF07BAC93600AAC29A /* SMQueue.h in Resources */ = {isa = PBXBuildFile; fileRef = 3E1998AD07BAC93600AAC29A /* SMQueue.h */; };
		3E1998B007BAC93600AAC29A /* SMQueue.m in Sources */ = {isa = PBXBuildFile; fileRef = 3E1998AE07BAC93600AAC29A /* SMQueue.m */; };
		3E19994A07BAE47700AAC29A /* SMEvents.h in Resources */ = {isa = PBXBuildFile; fileRef = 3E19994807BAE47700AAC29A /* SMEvents.h */; };
		3E19994B07BAE47700AAC29A /* SMEvents.m in Sources */ = {isa = PBXBuildFile; fileRef = 3E19994907BAE47700AAC29A /* SMEvents.m */; };
		3E1F31B307EA2AFB005E45BA /* AuthStatus.h in Resources */ = {isa = PBXBuildFile; fileRef = 3E1F31B107EA2AFB005E45BA /* AuthStatus.h */; };
		3E1F31B407EA2AFB005E45BA /* AuthStatus.m in Sources */ = {isa = PBXBuildFile; fileRef = 3E1F31B207EA2AFB005E45BA /* AuthStatus.m */; };
		3E215A4E07E73C310082EACE /* MemberSearchResults.h in Resources */ = {isa = PBXBuildFile; fileRef = 3E215A4C07E73C310082EACE /* MemberSearchResults.h */; };
		3E215A4F07E73C310082EACE /* MemberSearchResults.m in Sources */ = {isa = PBXBuildFile; fileRef = 3E215A4D07E73C310082EACE /* MemberSearchResults.m */; };
		3E23FEF00768CDC500877BDF /* AppKit.framework in Frameworks */ = {isa = PBXBuildFile; fileRef = 29B97324FDCFA39411CA2CEA /* AppKit.framework */; };
		3E23FEF10768CDCA00877BDF /* Foundation.framework in Frameworks */ = {isa = PBXBuildFile; fileRef = 29B97325FDCFA39411CA2CEA /* Foundation.framework */; };
		3E23FEF20768CDCF00877BDF /* Info.plist in Resources */ = {isa = PBXBuildFile; fileRef = 8D1107310486CEB800E47090 /* Info.plist */; };
		3E23FEF30768CDD100877BDF /* iFolder_Prefix.pch in Resources */ = {isa = PBXBuildFile; fileRef = 32CA4F630368D1EE00C91783 /* iFolder_Prefix.pch */; };
		3E256003077235290062AB7A /* iFolderService.h in Resources */ = {isa = PBXBuildFile; fileRef = 3E255FFF077235290062AB7A /* iFolderService.h */; };
		3E256004077235290062AB7A /* iFolderService.m in Sources */ = {isa = PBXBuildFile; fileRef = 3E256000077235290062AB7A /* iFolderService.m */; };
		3E3405A7078B40EF00630436 /* SimiasEventHandlers.h in Resources */ = {isa = PBXBuildFile; fileRef = 3E3405A5078B40EF00630436 /* SimiasEventHandlers.h */; };
		3E3405A8078B40EF00630436 /* SimiasEventHandlers.m in Sources */ = {isa = PBXBuildFile; fileRef = 3E3405A6078B40EF00630436 /* SimiasEventHandlers.m */; };
		3E34A2820772BF1A009AC400 /* libifolderclient.0.dylib in Frameworks */ = {isa = PBXBuildFile; fileRef = 3E34A2810772BF1A009AC400 /* libifolderclient.0.dylib */; };
		3E3BC75507AB5B7B00D2AE46 /* AccountsController.m in Sources */ = {isa = PBXBuildFile; fileRef = 3E3BC75307AB5B7B00D2AE46 /* AccountsController.m */; };
		3E3BC75607AB5B7B00D2AE46 /* AccountsController.h in Resources */ = {isa = PBXBuildFile; fileRef = 3E3BC75407AB5B7B00D2AE46 /* AccountsController.h */; };
		3E49BC6C0765224B0040812D /* ifolder.icns in Resources */ = {isa = PBXBuildFile; fileRef = 3E49BC6B0765224B0040812D /* ifolder.icns */; };
		3E4F5739078C30DA00313076 /* SyncLogWindowController.h in Resources */ = {isa = PBXBuildFile; fileRef = 3E4F5737078C30DA00313076 /* SyncLogWindowController.h */; };
		3E4F573A078C30DA00313076 /* SyncLogWindowController.m in Sources */ = {isa = PBXBuildFile; fileRef = 3E4F5738078C30DA00313076 /* SyncLogWindowController.m */; };
		3E52896C0774F9FA0064F585 /* iFolder.h in Resources */ = {isa = PBXBuildFile; fileRef = 3E5289680774F9FA0064F585 /* iFolder.h */; };
		3E52896D0774F9FA0064F585 /* iFolder.m in Sources */ = {isa = PBXBuildFile; fileRef = 3E5289690774F9FA0064F585 /* iFolder.m */; };
		3E52896E0774F9FA0064F585 /* iFolderDomain.h in Resources */ = {isa = PBXBuildFile; fileRef = 3E52896A0774F9FA0064F585 /* iFolderDomain.h */; };
		3E52896F0774F9FA0064F585 /* iFolderDomain.m in Sources */ = {isa = PBXBuildFile; fileRef = 3E52896B0774F9FA0064F585 /* iFolderDomain.m */; };
		3E528C3307754B8E0064F585 /* CreateiFolderSheetController.h in Resources */ = {isa = PBXBuildFile; fileRef = 3E528C3107754B8E0064F585 /* CreateiFolderSheetController.h */; };
		3E528C3407754B8E0064F585 /* CreateiFolderSheetController.m in Sources */ = {isa = PBXBuildFile; fileRef = 3E528C3207754B8E0064F585 /* CreateiFolderSheetController.m */; };
		3E66705407B7D3CC0047E683 /* Simias.h in Resources */ = {isa = PBXBuildFile; fileRef = 3E66705207B7D3CC0047E683 /* Simias.h */; };
		3E66705507B7D3CC0047E683 /* Simias.m in Sources */ = {isa = PBXBuildFile; fileRef = 3E66705307B7D3CC0047E683 /* Simias.m */; };
		3E67778707AEACEF0027130D /* libsimias.0.dylib in Frameworks */ = {isa = PBXBuildFile; fileRef = 3E67778607AEACEF0027130D /* libsimias.0.dylib */; };
		3E6D783407B098E2001DA76A /* LeaveDomainSheetController.m in Sources */ = {isa = PBXBuildFile; fileRef = 3E6D783207B098E2001DA76A /* LeaveDomainSheetController.m */; };
		3E6D783507B098E2001DA76A /* LeaveDomainSheetController.h in Resources */ = {isa = PBXBuildFile; fileRef = 3E6D783307B098E2001DA76A /* LeaveDomainSheetController.h */; };
		3E6F7ACB07B3E4DB00F46F36 /* AboutBox.nib in Resources */ = {isa = PBXBuildFile; fileRef = 3E6F7AC907B3E4DB00F46F36 /* AboutBox.nib */; };
		3E6F7ACF07B3E55A00F46F36 /* AboutBoxController.h in Resources */ = {isa = PBXBuildFile; fileRef = 3E6F7ACD07B3E55A00F46F36 /* AboutBoxController.h */; };
		3E6F7AD007B3E55A00F46F36 /* AboutBoxController.m in Sources */ = {isa = PBXBuildFile; fileRef = 3E6F7ACE07B3E55A00F46F36 /* AboutBoxController.m */; };
		3E70A409078DFB8A0075681D /* Preferences.nib in Resources */ = {isa = PBXBuildFile; fileRef = 3E70A407078DFB8A0075681D /* Preferences.nib */; };
		3E70A40C078DFCD80075681D /* iFolderPrefsController.h in Resources */ = {isa = PBXBuildFile; fileRef = 3E70A40A078DFCD80075681D /* iFolderPrefsController.h */; };
		3E70A40D078DFCD80075681D /* iFolderPrefsController.m in Sources */ = {isa = PBXBuildFile; fileRef = 3E70A40B078DFCD80075681D /* iFolderPrefsController.m */; };
		3E7C4E87086A66AE00D41026 /* SystemConfiguration.framework in Frameworks */ = {isa = PBXBuildFile; fileRef = 3E7C4E86086A66AE00D41026 /* SystemConfiguration.framework */; };
		3E811061076FF18700E96819 /* LoginWindowController.h in Resources */ = {isa = PBXBuildFile; fileRef = 3E81105D076FF18700E96819 /* LoginWindowController.h */; };
		3E811062076FF18700E96819 /* LoginWindowController.m in Sources */ = {isa = PBXBuildFile; fileRef = 3E81105E076FF18700E96819 /* LoginWindowController.m */; };
		3E8853D407C6F80A00E8B6CD /* iFolderNotificationController.h in Resources */ = {isa = PBXBuildFile; fileRef = 3E8853CA07C6F80A00E8B6CD /* iFolderNotificationController.h */; };
		3E8853D507C6F80A00E8B6CD /* iFolderNotificationController.m in Sources */ = {isa = PBXBuildFile; fileRef = 3E8853CB07C6F80A00E8B6CD /* iFolderNotificationController.m */; };
		3E8853D807C6F80A00E8B6CD /* KABubbleWindow.h in Resources */ = {isa = PBXBuildFile; fileRef = 3E8853CE07C6F80A00E8B6CD /* KABubbleWindow.h */; };
		3E8853D907C6F80A00E8B6CD /* KABubbleWindow.m in Sources */ = {isa = PBXBuildFile; fileRef = 3E8853CF07C6F80A00E8B6CD /* KABubbleWindow.m */; };
		3E8853DA07C6F80A00E8B6CD /* KABubbleWindowController.h in Resources */ = {isa = PBXBuildFile; fileRef = 3E8853D007C6F80A00E8B6CD /* KABubbleWindowController.h */; };
		3E8853DB07C6F80A00E8B6CD /* KABubbleWindowController.m in Sources */ = {isa = PBXBuildFile; fileRef = 3E8853D107C6F80A00E8B6CD /* KABubbleWindowController.m */; };
		3E8853DC07C6F80A00E8B6CD /* KABubbleWindowView.h in Resources */ = {isa = PBXBuildFile; fileRef = 3E8853D207C6F80A00E8B6CD /* KABubbleWindowView.h */; };
		3E8853DD07C6F80A00E8B6CD /* KABubbleWindowView.m in Sources */ = {isa = PBXBuildFile; fileRef = 3E8853D307C6F80A00E8B6CD /* KABubbleWindowView.m */; };
		3E8A565407C1039E00FDAD31 /* mono-powered.png in Resources */ = {isa = PBXBuildFile; fileRef = 3E8A565307C1039E00FDAD31 /* mono-powered.png */; };
		3E9A95700873120200702179 /* applog.m in Sources */ = {isa = PBXBuildFile; fileRef = 3E9A956F0873120200702179 /* applog.m */; };
		3E9B1B03077927E20072994B /* SetupiFolderSheetController.m in Sources */ = {isa = PBXBuildFile; fileRef = 3E9B1B01077927E20072994B /* SetupiFolderSheetController.m */; };
		3E9B1B04077927E20072994B /* SetupiFolderSheetController.h in Resources */ = {isa = PBXBuildFile; fileRef = 3E9B1B02077927E20072994B /* SetupiFolderSheetController.h */; };
		3E9D3F2407DFA79C00AA93D6 /* Credits.rtf in Resources */ = {isa = PBXBuildFile; fileRef = 3E9D3F2307DFA79C00AA93D6 /* Credits.rtf */; };
		3EA94F6007B823CA0088FD0F /* config.h.in in Resources */ = {isa = PBXBuildFile; fileRef = 3EA94F5F07B823CA0088FD0F /* config.h.in */; };
		3EA98AA107C7A4520078451D /* ConflictResolver.nib in Resources */ = {isa = PBXBuildFile; fileRef = 3EA98A9F07C7A4520078451D /* ConflictResolver.nib */; };
		3EAE2EB707FB7F58007BE2E0 /* Security.framework in Frameworks */ = {isa = PBXBuildFile; fileRef = 3EAE2EB607FB7F58007BE2E0 /* Security.framework */; };
		3EAEF5060769104900B98AF6 /* CoreServices.framework in Frameworks */ = {isa = PBXBuildFile; fileRef = 3EAEF5050769104900B98AF6 /* CoreServices.framework */; };
		3EB62D0F07B9C907000C8112 /* iFolderData.h in Resources */ = {isa = PBXBuildFile; fileRef = 3EB62D0D07B9C907000C8112 /* iFolderData.h */; };
		3EB62D1007B9C907000C8112 /* iFolderData.m in Sources */ = {isa = PBXBuildFile; fileRef = 3EB62D0E07B9C907000C8112 /* iFolderData.m */; };
		3EB7842607C2D31400E2B733 /* libsimias-event.dylib in Frameworks */ = {isa = PBXBuildFile; fileRef = 3EB7842507C2D31400E2B733 /* libsimias-event.dylib */; };
		3EB8C50B079392230082AA86 /* Properties.nib in Resources */ = {isa = PBXBuildFile; fileRef = 3EB8C509079392230082AA86 /* Properties.nib */; };
		3EB8C512079393B60082AA86 /* PropertiesWindowController.m in Sources */ = {isa = PBXBuildFile; fileRef = 3EB8C510079393B60082AA86 /* PropertiesWindowController.m */; };
		3EB8C513079393B60082AA86 /* PropertiesWindowController.h in Resources */ = {isa = PBXBuildFile; fileRef = 3EB8C511079393B60082AA86 /* PropertiesWindowController.h */; };
		3EBE7A2507FC5A0C00DC9A8E /* SecurityInterface.framework in Frameworks */ = {isa = PBXBuildFile; fileRef = 3EBE7A2407FC5A0C00DC9A8E /* SecurityInterface.framework */; };
		3EBE7A8C07FC74CA00DC9A8E /* AcceptCert.nib in Resources */ = {isa = PBXBuildFile; fileRef = 3EBE7A8A07FC74CA00DC9A8E /* AcceptCert.nib */; };
		3EBE7AA507FC76F200DC9A8E /* AcceptCertSheetController.m in Sources */ = {isa = PBXBuildFile; fileRef = 3EBE7AA307FC76F200DC9A8E /* AcceptCertSheetController.m */; };
		3EBE7AA607FC76F200DC9A8E /* AcceptCertSheetController.h in Resources */ = {isa = PBXBuildFile; fileRef = 3EBE7AA407FC76F200DC9A8E /* AcceptCertSheetController.h */; };
		3ED30DD809115D2C00FFC59E /* libsimias-manager.a in Frameworks */ = {isa = PBXBuildFile; fileRef = 3ED30DD709115D2C00FFC59E /* libsimias-manager.a */; };
		3EDA494407C681B7007CD1E0 /* MCTableView.h in Resources */ = {isa = PBXBuildFile; fileRef = 3EDA494207C681B7007CD1E0 /* MCTableView.h */; };
		3EDA494507C681B7007CD1E0 /* MCTableView.m in Sources */ = {isa = PBXBuildFile; fileRef = 3EDA494307C681B7007CD1E0 /* MCTableView.m */; };
		3EDD6ADA07AEAECB008A2A3B /* SimiasService.h in Resources */ = {isa = PBXBuildFile; fileRef = 3EDD6AD807AEAECB008A2A3B /* SimiasService.h */; };
		3EDD6ADB07AEAECB008A2A3B /* SimiasService.m in Sources */ = {isa = PBXBuildFile; fileRef = 3EDD6AD907AEAECB008A2A3B /* SimiasService.m */; };
		3EE238DF07C108EB00772501 /* prefs-notification32.png in Resources */ = {isa = PBXBuildFile; fileRef = 3EE238DB07C108EB00772501 /* prefs-notification32.png */; };
		3EE238E007C108EB00772501 /* prefs-sync32.png in Resources */ = {isa = PBXBuildFile; fileRef = 3EE238DC07C108EB00772501 /* prefs-sync32.png */; };
		3EE238E107C108EB00772501 /* prefs-general32.png in Resources */ = {isa = PBXBuildFile; fileRef = 3EE238DD07C108EB00772501 /* prefs-general32.png */; };
		3EE238E207C108EB00772501 /* prefs-accounts32.png in Resources */ = {isa = PBXBuildFile; fileRef = 3EE238DE07C108EB00772501 /* prefs-accounts32.png */; };
		3EE276E107C40C2400A645A0 /* PropGeneralController.h in Resources */ = {isa = PBXBuildFile; fileRef = 3EE276DF07C40C2400A645A0 /* PropGeneralController.h */; };
		3EE276E207C40C2400A645A0 /* PropGeneralController.m in Sources */ = {isa = PBXBuildFile; fileRef = 3EE276E007C40C2400A645A0 /* PropGeneralController.m */; };
		3EE2781F07C44B7400A645A0 /* DiskSpace.h in Resources */ = {isa = PBXBuildFile; fileRef = 3EE2781D07C44B7400A645A0 /* DiskSpace.h */; };
		3EE2782007C44B7400A645A0 /* DiskSpace.m in Sources */ = {isa = PBXBuildFile; fileRef = 3EE2781E07C44B7400A645A0 /* DiskSpace.m */; };
		3EE2787D07C45E2100A645A0 /* TimeSpan.h in Resources */ = {isa = PBXBuildFile; fileRef = 3EE2787B07C45E2100A645A0 /* TimeSpan.h */; };
		3EE2787E07C45E2100A645A0 /* TimeSpan.m in Sources */ = {isa = PBXBuildFile; fileRef = 3EE2787C07C45E2100A645A0 /* TimeSpan.m */; };
		3EE278EE07C46CD500A645A0 /* SyncSize.h in Resources */ = {isa = PBXBuildFile; fileRef = 3EE278EC07C46CD500A645A0 /* SyncSize.h */; };
		3EE278EF07C46CD500A645A0 /* SyncSize.m in Sources */ = {isa = PBXBuildFile; fileRef = 3EE278ED07C46CD500A645A0 /* SyncSize.m */; };
		3EE449E207A7DEDB00B93B2F /* ifolder24.png in Resources */ = {isa = PBXBuildFile; fileRef = 3EE449E107A7DEDB00B93B2F /* ifolder24.png */; };
		3EE449E407A7DF0000B93B2F /* serverifolder24.png in Resources */ = {isa = PBXBuildFile; fileRef = 3EE449E307A7DF0000B93B2F /* serverifolder24.png */; };
		3EE886EB07B92E8B00484B9F /* iFolderApplication.m in Sources */ = {isa = PBXBuildFile; fileRef = 3EE886E907B92E8B00484B9F /* iFolderApplication.m */; };
		3EE886EC07B92E8B00484B9F /* iFolderApplication.h in Resources */ = {isa = PBXBuildFile; fileRef = 3EE886EA07B92E8B00484B9F /* iFolderApplication.h */; };
		3EE8876B07B9503200484B9F /* LogWindow.nib in Resources */ = {isa = PBXBuildFile; fileRef = 3EE8876907B9503200484B9F /* LogWindow.nib */; };
		3EE8881607B9603E00484B9F /* iFolderWindow.nib in Resources */ = {isa = PBXBuildFile; fileRef = 3EE8881407B9603E00484B9F /* iFolderWindow.nib */; };
		3EE8881907B9620F00484B9F /* iFolderWindowController.h in Resources */ = {isa = PBXBuildFile; fileRef = 3EE8881707B9620F00484B9F /* iFolderWindowController.h */; };
		3EE8881A07B9620F00484B9F /* iFolderWindowController.m in Sources */ = {isa = PBXBuildFile; fileRef = 3EE8881807B9620F00484B9F /* iFolderWindowController.m */; };
		3EEA9A3507B1D3580015FCF4 /* ifolderuser.png in Resources */ = {isa = PBXBuildFile; fileRef = 3EEA9A3407B1D3580015FCF4 /* ifolderuser.png */; };
		3EEA9A4B07B1D9C30015FCF4 /* PropSharingController.m in Sources */ = {isa = PBXBuildFile; fileRef = 3EEA9A4907B1D9C30015FCF4 /* PropSharingController.m */; };
		3EEA9A4C07B1D9C30015FCF4 /* PropSharingController.h in Resources */ = {isa = PBXBuildFile; fileRef = 3EEA9A4A07B1D9C30015FCF4 /* PropSharingController.h */; };
		3EEA9A6A07B1DC4F0015FCF4 /* User.h in Resources */ = {isa = PBXBuildFile; fileRef = 3EEA9A6807B1DC4F0015FCF4 /* User.h */; };
		3EEA9A6B07B1DC4F0015FCF4 /* User.m in Sources */ = {isa = PBXBuildFile; fileRef = 3EEA9A6907B1DC4F0015FCF4 /* User.m */; };
		3EF2212F07681AA400EE2EF6 /* LoginWindow.nib in Resources */ = {isa = PBXBuildFile; fileRef = 3EF2212D07681AA400EE2EF6 /* LoginWindow.nib */; };
		3EF97A7D07DF77E100BA8880 /* Localizable.strings in Resources */ = {isa = PBXBuildFile; fileRef = 3EF97A7B07DF77E100BA8880 /* Localizable.strings */; };
		8D11072A0486CEB800E47090 /* MainMenu.nib in Resources */ = {isa = PBXBuildFile; fileRef = 29B97318FDCFA39411CA2CEA /* MainMenu.nib */; };
		8D11072B0486CEB800E47090 /* InfoPlist.strings in Resources */ = {isa = PBXBuildFile; fileRef = 089C165CFE840E0CC02AAC07 /* InfoPlist.strings */; };
		8D11072D0486CEB800E47090 /* main.m in Sources */ = {isa = PBXBuildFile; fileRef = 29B97316FDCFA39411CA2CEA /* main.m */; settings = {ATTRIBUTES = (); }; };
		8D11072F0486CEB800E47090 /* Cocoa.framework in Frameworks */ = {isa = PBXBuildFile; fileRef = 1058C7A1FEA54F0111CA2CBB /* Cocoa.framework */; };
/* End PBXBuildFile section */

/* Begin PBXBuildStyle section */
		4A9504CCFFE6A4B311CA0CBA /* Development */ = {
			isa = PBXBuildStyle;
			buildSettings = {
				COPY_PHASE_STRIP = NO;
				GCC_DYNAMIC_NO_PIC = NO;
				GCC_ENABLE_FIX_AND_CONTINUE = YES;
				GCC_ENABLE_OBJC_EXCEPTIONS = YES;
				GCC_GENERATE_DEBUGGING_SYMBOLS = YES;
				GCC_OPTIMIZATION_LEVEL = 0;
				HEADER_SEARCH_PATHS = (
					../libifolder,
					"../../../simias/src/SimiasClient/libsimias-event",
					../../../simias/src/libsimias,
				);
				LIBRARY_SEARCH_PATHS = (
					../libifolder/.libs,
					"../../../simias/src/SimiasClient/libsimias-event/.libs",
					../../../simias/src/libsimias/.libs,
				);
				PREBINDING = YES;
				ZERO_LINK = NO;
			};
			name = Development;
		};
		4A9504CDFFE6A4B311CA0CBA /* Deployment */ = {
			isa = PBXBuildStyle;
			buildSettings = {
				COPY_PHASE_STRIP = YES;
				GCC_ENABLE_FIX_AND_CONTINUE = NO;
				GCC_ENABLE_OBJC_EXCEPTIONS = YES;
				HEADER_SEARCH_PATHS = (
					../libifolder,
					"../../../simias/src/SimiasClient/libsimias-event",
					../../../simias/src/libsimias,
				);
				LIBRARY_SEARCH_PATHS = (
					../libifolder/.libs,
					"../../../simias/src/SimiasClient/libsimias-event/.libs",
					../../../simias/src/libsimias/.libs,
				);
				OTHER_LDFLAGS = "-flat_namespace";
				ZERO_LINK = NO;
			};
			name = Deployment;
		};
/* End PBXBuildStyle section */

/* Begin PBXFileReference section */
		1058C7A1FEA54F0111CA2CBB /* Cocoa.framework */ = {isa = PBXFileReference; lastKnownFileType = wrapper.framework; name = Cocoa.framework; path = /System/Library/Frameworks/Cocoa.framework; sourceTree = "<absolute>"; };
		29B97316FDCFA39411CA2CEA /* main.m */ = {isa = PBXFileReference; fileEncoding = 4; lastKnownFileType = sourcecode.c.objc; path = main.m; sourceTree = "<group>"; };
		29B97324FDCFA39411CA2CEA /* AppKit.framework */ = {isa = PBXFileReference; lastKnownFileType = wrapper.framework; name = AppKit.framework; path = /System/Library/Frameworks/AppKit.framework; sourceTree = "<absolute>"; };
		29B97325FDCFA39411CA2CEA /* Foundation.framework */ = {isa = PBXFileReference; lastKnownFileType = wrapper.framework; name = Foundation.framework; path = /System/Library/Frameworks/Foundation.framework; sourceTree = "<absolute>"; };
		32CA4F630368D1EE00C91783 /* iFolder_Prefix.pch */ = {isa = PBXFileReference; fileEncoding = 4; lastKnownFileType = sourcecode.c.h; path = iFolder_Prefix.pch; sourceTree = "<group>"; };
		3E09F7AB07C0387700381F59 /* save32.png */ = {isa = PBXFileReference; lastKnownFileType = image.png; name = save32.png; path = ../images/save32.png; sourceTree = SOURCE_ROOT; };
		3E09F7AD07C0388400381F59 /* clear32.png */ = {isa = PBXFileReference; lastKnownFileType = image.png; name = clear32.png; path = ../images/clear32.png; sourceTree = SOURCE_ROOT; };
		3E09F82107C0489300381F59 /* setup32.png */ = {isa = PBXFileReference; lastKnownFileType = image.png; name = setup32.png; path = ../images/setup32.png; sourceTree = SOURCE_ROOT; };
		3E09F82707C0489F00381F59 /* share32.png */ = {isa = PBXFileReference; lastKnownFileType = image.png; name = share32.png; path = ../images/share32.png; sourceTree = SOURCE_ROOT; };
		3E09F82D07C048AA00381F59 /* sync32.png */ = {isa = PBXFileReference; lastKnownFileType = image.png; name = sync32.png; path = ../images/sync32.png; sourceTree = SOURCE_ROOT; };
		3E09F83307C048B700381F59 /* conflict32.png */ = {isa = PBXFileReference; lastKnownFileType = image.png; name = conflict32.png; path = ../images/conflict32.png; sourceTree = SOURCE_ROOT; };
		3E09F85F07C04CE200381F59 /* newifolder32.png */ = {isa = PBXFileReference; lastKnownFileType = image.png; name = newifolder32.png; path = ../images/newifolder32.png; sourceTree = SOURCE_ROOT; };
		3E0E6CBC07C7D41B0057D505 /* iFolderConflict.h */ = {isa = PBXFileReference; fileEncoding = 4; lastKnownFileType = sourcecode.c.h; name = iFolderConflict.h; path = src/iFolderConflict.h; sourceTree = "<group>"; };
		3E0E6CBD07C7D41B0057D505 /* iFolderConflict.m */ = {isa = PBXFileReference; fileEncoding = 4; lastKnownFileType = sourcecode.c.objc; name = iFolderConflict.m; path = src/iFolderConflict.m; sourceTree = "<group>"; };
		3E0E6CFE07C7E7290057D505 /* ConflictWindowController.m */ = {isa = PBXFileReference; fileEncoding = 30; lastKnownFileType = sourcecode.c.objc; name = ConflictWindowController.m; path = src/ConflictWindowController.m; sourceTree = "<group>"; };
		3E0E6CFF07C7E7290057D505 /* ConflictWindowController.h */ = {isa = PBXFileReference; fileEncoding = 30; lastKnownFileType = sourcecode.c.h; name = ConflictWindowController.h; path = src/ConflictWindowController.h; sourceTree = "<group>"; };
		3E15669B07C5330600972388 /* VerticalBarView.m */ = {isa = PBXFileReference; fileEncoding = 30; lastKnownFileType = sourcecode.c.objc; name = VerticalBarView.m; path = src/VerticalBarView.m; sourceTree = "<group>"; };
		3E15669C07C5330600972388 /* VerticalBarView.h */ = {isa = PBXFileReference; fileEncoding = 30; lastKnownFileType = sourcecode.c.h; name = VerticalBarView.h; path = src/VerticalBarView.h; sourceTree = "<group>"; };
		3E19255007A7E1FF00F9E44D /* ifolder-banner.png */ = {isa = PBXFileReference; lastKnownFileType = image.png; name = "ifolder-banner.png"; path = "../images/ifolder-banner.png"; sourceTree = SOURCE_ROOT; };
		3E19255207A7E20700F9E44D /* ifolder-banner-scaler.png */ = {isa = PBXFileReference; lastKnownFileType = image.png; name = "ifolder-banner-scaler.png"; path = "../images/ifolder-banner-scaler.png"; sourceTree = SOURCE_ROOT; };
		3E19989407BAC5BD00AAC29A /* SimiasEventData.h */ = {isa = PBXFileReference; fileEncoding = 4; lastKnownFileType = sourcecode.c.h; name = SimiasEventData.h; path = src/SimiasEventData.h; sourceTree = "<group>"; };
		3E19989507BAC5BD00AAC29A /* SimiasEventData.m */ = {isa = PBXFileReference; fileEncoding = 4; lastKnownFileType = sourcecode.c.objc; name = SimiasEventData.m; path = src/SimiasEventData.m; sourceTree = "<group>"; };
		3E1998AD07BAC93600AAC29A /* SMQueue.h */ = {isa = PBXFileReference; fileEncoding = 4; lastKnownFileType = sourcecode.c.h; name = SMQueue.h; path = src/SMQueue.h; sourceTree = "<group>"; };
		3E1998AE07BAC93600AAC29A /* SMQueue.m */ = {isa = PBXFileReference; fileEncoding = 4; lastKnownFileType = sourcecode.c.objc; name = SMQueue.m; path = src/SMQueue.m; sourceTree = "<group>"; };
		3E19994807BAE47700AAC29A /* SMEvents.h */ = {isa = PBXFileReference; fileEncoding = 4; lastKnownFileType = sourcecode.c.h; name = SMEvents.h; path = src/SMEvents.h; sourceTree = "<group>"; };
		3E19994907BAE47700AAC29A /* SMEvents.m */ = {isa = PBXFileReference; fileEncoding = 4; lastKnownFileType = sourcecode.c.objc; name = SMEvents.m; path = src/SMEvents.m; sourceTree = "<group>"; };
		3E1F31B107EA2AFB005E45BA /* AuthStatus.h */ = {isa = PBXFileReference; fileEncoding = 4; lastKnownFileType = sourcecode.c.h; name = AuthStatus.h; path = src/AuthStatus.h; sourceTree = "<group>"; };
		3E1F31B207EA2AFB005E45BA /* AuthStatus.m */ = {isa = PBXFileReference; fileEncoding = 4; lastKnownFileType = sourcecode.c.objc; name = AuthStatus.m; path = src/AuthStatus.m; sourceTree = "<group>"; };
		3E215A4C07E73C310082EACE /* MemberSearchResults.h */ = {isa = PBXFileReference; fileEncoding = 4; lastKnownFileType = sourcecode.c.h; path = MemberSearchResults.h; sourceTree = "<group>"; };
		3E215A4D07E73C310082EACE /* MemberSearchResults.m */ = {isa = PBXFileReference; fileEncoding = 4; lastKnownFileType = sourcecode.c.objc; path = MemberSearchResults.m; sourceTree = "<group>"; };
		3E255FFF077235290062AB7A /* iFolderService.h */ = {isa = PBXFileReference; fileEncoding = 30; lastKnownFileType = sourcecode.c.h; path = iFolderService.h; sourceTree = "<group>"; };
		3E256000077235290062AB7A /* iFolderService.m */ = {isa = PBXFileReference; fileEncoding = 30; lastKnownFileType = sourcecode.c.objc; path = iFolderService.m; sourceTree = "<group>"; };
		3E3405A5078B40EF00630436 /* SimiasEventHandlers.h */ = {isa = PBXFileReference; fileEncoding = 4; lastKnownFileType = sourcecode.c.h; name = SimiasEventHandlers.h; path = src/SimiasEventHandlers.h; sourceTree = "<group>"; };
		3E3405A6078B40EF00630436 /* SimiasEventHandlers.m */ = {isa = PBXFileReference; fileEncoding = 4; lastKnownFileType = sourcecode.c.objc; name = SimiasEventHandlers.m; path = src/SimiasEventHandlers.m; sourceTree = "<group>"; };
		3E34A2810772BF1A009AC400 /* libifolderclient.0.dylib */ = {isa = PBXFileReference; lastKnownFileType = "compiled.mach-o.dylib"; path = libifolderclient.0.dylib; sourceTree = "<group>"; };
		3E3BC75307AB5B7B00D2AE46 /* AccountsController.m */ = {isa = PBXFileReference; fileEncoding = 30; lastKnownFileType = sourcecode.c.objc; name = AccountsController.m; path = src/AccountsController.m; sourceTree = "<group>"; wrapsLines = 0; };
		3E3BC75407AB5B7B00D2AE46 /* AccountsController.h */ = {isa = PBXFileReference; fileEncoding = 30; lastKnownFileType = sourcecode.c.h; name = AccountsController.h; path = src/AccountsController.h; sourceTree = "<group>"; };
		3E49BC6B0765224B0040812D /* ifolder.icns */ = {isa = PBXFileReference; lastKnownFileType = image.icns; path = ifolder.icns; sourceTree = "<group>"; };
		3E4F5737078C30DA00313076 /* SyncLogWindowController.h */ = {isa = PBXFileReference; fileEncoding = 30; lastKnownFileType = sourcecode.c.h; name = SyncLogWindowController.h; path = src/SyncLogWindowController.h; sourceTree = "<group>"; };
		3E4F5738078C30DA00313076 /* SyncLogWindowController.m */ = {isa = PBXFileReference; fileEncoding = 30; lastKnownFileType = sourcecode.c.objc; name = SyncLogWindowController.m; path = src/SyncLogWindowController.m; sourceTree = "<group>"; };
		3E5289680774F9FA0064F585 /* iFolder.h */ = {isa = PBXFileReference; fileEncoding = 30; lastKnownFileType = sourcecode.c.h; name = iFolder.h; path = src/iFolder.h; sourceTree = "<group>"; };
		3E5289690774F9FA0064F585 /* iFolder.m */ = {isa = PBXFileReference; fileEncoding = 30; lastKnownFileType = sourcecode.c.objc; name = iFolder.m; path = src/iFolder.m; sourceTree = "<group>"; };
		3E52896A0774F9FA0064F585 /* iFolderDomain.h */ = {isa = PBXFileReference; fileEncoding = 30; lastKnownFileType = sourcecode.c.h; name = iFolderDomain.h; path = src/iFolderDomain.h; sourceTree = "<group>"; };
		3E52896B0774F9FA0064F585 /* iFolderDomain.m */ = {isa = PBXFileReference; fileEncoding = 30; lastKnownFileType = sourcecode.c.objc; name = iFolderDomain.m; path = src/iFolderDomain.m; sourceTree = "<group>"; };
		3E528C3107754B8E0064F585 /* CreateiFolderSheetController.h */ = {isa = PBXFileReference; fileEncoding = 30; lastKnownFileType = sourcecode.c.h; name = CreateiFolderSheetController.h; path = src/CreateiFolderSheetController.h; sourceTree = "<group>"; };
		3E528C3207754B8E0064F585 /* CreateiFolderSheetController.m */ = {isa = PBXFileReference; fileEncoding = 30; lastKnownFileType = sourcecode.c.objc; name = CreateiFolderSheetController.m; path = src/CreateiFolderSheetController.m; sourceTree = "<group>"; };
		3E66705207B7D3CC0047E683 /* Simias.h */ = {isa = PBXFileReference; fileEncoding = 4; lastKnownFileType = sourcecode.c.h; name = Simias.h; path = src/Simias.h; sourceTree = "<group>"; };
		3E66705307B7D3CC0047E683 /* Simias.m */ = {isa = PBXFileReference; fileEncoding = 4; lastKnownFileType = sourcecode.c.objc; name = Simias.m; path = src/Simias.m; sourceTree = "<group>"; };
		3E67778607AEACEF0027130D /* libsimias.0.dylib */ = {isa = PBXFileReference; lastKnownFileType = "compiled.mach-o.dylib"; path = libsimias.0.dylib; sourceTree = "<group>"; };
		3E6D783207B098E2001DA76A /* LeaveDomainSheetController.m */ = {isa = PBXFileReference; fileEncoding = 30; lastKnownFileType = sourcecode.c.objc; name = LeaveDomainSheetController.m; path = src/LeaveDomainSheetController.m; sourceTree = "<group>"; };
		3E6D783307B098E2001DA76A /* LeaveDomainSheetController.h */ = {isa = PBXFileReference; fileEncoding = 30; lastKnownFileType = sourcecode.c.h; name = LeaveDomainSheetController.h; path = src/LeaveDomainSheetController.h; sourceTree = "<group>"; };
		3E6F7ACD07B3E55A00F46F36 /* AboutBoxController.h */ = {isa = PBXFileReference; fileEncoding = 30; lastKnownFileType = sourcecode.c.h; name = AboutBoxController.h; path = src/AboutBoxController.h; sourceTree = "<group>"; };
		3E6F7ACE07B3E55A00F46F36 /* AboutBoxController.m */ = {isa = PBXFileReference; fileEncoding = 30; lastKnownFileType = sourcecode.c.objc; name = AboutBoxController.m; path = src/AboutBoxController.m; sourceTree = "<group>"; };
		3E70A40A078DFCD80075681D /* iFolderPrefsController.h */ = {isa = PBXFileReference; fileEncoding = 30; lastKnownFileType = sourcecode.c.h; name = iFolderPrefsController.h; path = src/iFolderPrefsController.h; sourceTree = "<group>"; };
		3E70A40B078DFCD80075681D /* iFolderPrefsController.m */ = {isa = PBXFileReference; fileEncoding = 30; lastKnownFileType = sourcecode.c.objc; name = iFolderPrefsController.m; path = src/iFolderPrefsController.m; sourceTree = "<group>"; };
		3E7C4E86086A66AE00D41026 /* SystemConfiguration.framework */ = {isa = PBXFileReference; lastKnownFileType = wrapper.framework; name = SystemConfiguration.framework; path = /System/Library/Frameworks/SystemConfiguration.framework; sourceTree = "<absolute>"; };
		3E81105D076FF18700E96819 /* LoginWindowController.h */ = {isa = PBXFileReference; fileEncoding = 30; lastKnownFileType = sourcecode.c.h; name = LoginWindowController.h; path = src/LoginWindowController.h; sourceTree = "<group>"; };
		3E81105E076FF18700E96819 /* LoginWindowController.m */ = {isa = PBXFileReference; fileEncoding = 30; lastKnownFileType = sourcecode.c.objc; name = LoginWindowController.m; path = src/LoginWindowController.m; sourceTree = "<group>"; };
		3E8853CA07C6F80A00E8B6CD /* iFolderNotificationController.h */ = {isa = PBXFileReference; fileEncoding = 30; lastKnownFileType = sourcecode.c.h; path = iFolderNotificationController.h; sourceTree = "<group>"; };
		3E8853CB07C6F80A00E8B6CD /* iFolderNotificationController.m */ = {isa = PBXFileReference; fileEncoding = 30; lastKnownFileType = sourcecode.c.objc; path = iFolderNotificationController.m; sourceTree = "<group>"; };
		3E8853CE07C6F80A00E8B6CD /* KABubbleWindow.h */ = {isa = PBXFileReference; fileEncoding = 30; lastKnownFileType = sourcecode.c.h; path = KABubbleWindow.h; sourceTree = "<group>"; };
		3E8853CF07C6F80A00E8B6CD /* KABubbleWindow.m */ = {isa = PBXFileReference; fileEncoding = 30; lastKnownFileType = sourcecode.c.objc; path = KABubbleWindow.m; sourceTree = "<group>"; };
		3E8853D007C6F80A00E8B6CD /* KABubbleWindowController.h */ = {isa = PBXFileReference; fileEncoding = 30; lastKnownFileType = sourcecode.c.h; path = KABubbleWindowController.h; sourceTree = "<group>"; };
		3E8853D107C6F80A00E8B6CD /* KABubbleWindowController.m */ = {isa = PBXFileReference; fileEncoding = 30; lastKnownFileType = sourcecode.c.objc; path = KABubbleWindowController.m; sourceTree = "<group>"; };
		3E8853D207C6F80A00E8B6CD /* KABubbleWindowView.h */ = {isa = PBXFileReference; fileEncoding = 30; lastKnownFileType = sourcecode.c.h; path = KABubbleWindowView.h; sourceTree = "<group>"; };
		3E8853D307C6F80A00E8B6CD /* KABubbleWindowView.m */ = {isa = PBXFileReference; fileEncoding = 30; lastKnownFileType = sourcecode.c.objc; path = KABubbleWindowView.m; sourceTree = "<group>"; };
		3E8A565307C1039E00FDAD31 /* mono-powered.png */ = {isa = PBXFileReference; lastKnownFileType = image.png; name = "mono-powered.png"; path = "../images/mono-powered.png"; sourceTree = SOURCE_ROOT; };
		3E946F7B086A447A00B73E10 /* English */ = {isa = PBXFileReference; lastKnownFileType = text.plist.strings; name = English; path = English.lproj/Localizable.strings; sourceTree = "<group>"; };
		3E946F8B086A448D00B73E10 /* English */ = {isa = PBXFileReference; lastKnownFileType = text.rtf; name = English; path = English.lproj/Credits.rtf; sourceTree = "<group>"; };
		3E946F8E086A449300B73E10 /* English */ = {isa = PBXFileReference; lastKnownFileType = text.plist.strings; name = English; path = English.lproj/InfoPlist.strings; sourceTree = "<group>"; };
		3E946F91086A449A00B73E10 /* English */ = {isa = PBXFileReference; lastKnownFileType = wrapper.nib; name = English; path = English.lproj/MainMenu.nib; sourceTree = "<group>"; };
		3E946F94086A44A000B73E10 /* English */ = {isa = PBXFileReference; lastKnownFileType = wrapper.nib; name = English; path = English.lproj/LoginWindow.nib; sourceTree = "<group>"; };
		3E946F97086A44A600B73E10 /* English */ = {isa = PBXFileReference; lastKnownFileType = wrapper.nib; name = English; path = English.lproj/Preferences.nib; sourceTree = "<group>"; };
		3E946F9A086A44AB00B73E10 /* English */ = {isa = PBXFileReference; lastKnownFileType = wrapper.nib; name = English; path = English.lproj/Properties.nib; sourceTree = "<group>"; };
		3E946F9D086A44B100B73E10 /* English */ = {isa = PBXFileReference; lastKnownFileType = wrapper.nib; name = English; path = English.lproj/AboutBox.nib; sourceTree = "<group>"; };
		3E946FA0086A44B700B73E10 /* English */ = {isa = PBXFileReference; lastKnownFileType = wrapper.nib; name = English; path = English.lproj/LogWindow.nib; sourceTree = "<group>"; };
		3E946FA3086A44BD00B73E10 /* English */ = {isa = PBXFileReference; lastKnownFileType = wrapper.nib; name = English; path = English.lproj/iFolderWindow.nib; sourceTree = "<group>"; };
		3E946FA6086A44C300B73E10 /* English */ = {isa = PBXFileReference; lastKnownFileType = wrapper.nib; name = English; path = English.lproj/ConflictResolver.nib; sourceTree = "<group>"; };
		3E946FA9086A44C900B73E10 /* English */ = {isa = PBXFileReference; lastKnownFileType = wrapper.nib; name = English; path = English.lproj/AcceptCert.nib; sourceTree = "<group>"; };
		3E9A956E0873120200702179 /* applog.h */ = {isa = PBXFileReference; fileEncoding = 4; lastKnownFileType = sourcecode.c.h; name = applog.h; path = src/applog.h; sourceTree = "<group>"; };
		3E9A956F0873120200702179 /* applog.m */ = {isa = PBXFileReference; fileEncoding = 4; lastKnownFileType = sourcecode.c.objc; name = applog.m; path = src/applog.m; sourceTree = "<group>"; };
		3E9B1B01077927E20072994B /* SetupiFolderSheetController.m */ = {isa = PBXFileReference; fileEncoding = 30; lastKnownFileType = sourcecode.c.objc; name = SetupiFolderSheetController.m; path = src/SetupiFolderSheetController.m; sourceTree = "<group>"; };
		3E9B1B02077927E20072994B /* SetupiFolderSheetController.h */ = {isa = PBXFileReference; fileEncoding = 30; lastKnownFileType = sourcecode.c.h; name = SetupiFolderSheetController.h; path = src/SetupiFolderSheetController.h; sourceTree = "<group>"; };
		3EA94F5F07B823CA0088FD0F /* config.h.in */ = {isa = PBXFileReference; fileEncoding = 30; lastKnownFileType = text; name = config.h.in; path = src/config.h.in; sourceTree = "<group>"; };
		3EAE2EB607FB7F58007BE2E0 /* Security.framework */ = {isa = PBXFileReference; lastKnownFileType = wrapper.framework; name = Security.framework; path = /System/Library/Frameworks/Security.framework; sourceTree = "<absolute>"; };
		3EAEF5050769104900B98AF6 /* CoreServices.framework */ = {isa = PBXFileReference; lastKnownFileType = wrapper.framework; name = CoreServices.framework; path = /System/Library/Frameworks/CoreServices.framework; sourceTree = "<absolute>"; };
		3EB62D0D07B9C907000C8112 /* iFolderData.h */ = {isa = PBXFileReference; fileEncoding = 4; lastKnownFileType = sourcecode.c.h; name = iFolderData.h; path = src/iFolderData.h; sourceTree = "<group>"; };
		3EB62D0E07B9C907000C8112 /* iFolderData.m */ = {isa = PBXFileReference; fileEncoding = 4; lastKnownFileType = sourcecode.c.objc; name = iFolderData.m; path = src/iFolderData.m; sourceTree = "<group>"; };
		3EB7842507C2D31400E2B733 /* libsimias-event.dylib */ = {isa = PBXFileReference; lastKnownFileType = "compiled.mach-o.dylib"; path = "libsimias-event.dylib"; sourceTree = "<group>"; };
		3EB8C510079393B60082AA86 /* PropertiesWindowController.m */ = {isa = PBXFileReference; fileEncoding = 30; lastKnownFileType = sourcecode.c.objc; name = PropertiesWindowController.m; path = src/PropertiesWindowController.m; sourceTree = "<group>"; };
		3EB8C511079393B60082AA86 /* PropertiesWindowController.h */ = {isa = PBXFileReference; fileEncoding = 30; lastKnownFileType = sourcecode.c.h; name = PropertiesWindowController.h; path = src/PropertiesWindowController.h; sourceTree = "<group>"; };
		3EBE7A2407FC5A0C00DC9A8E /* SecurityInterface.framework */ = {isa = PBXFileReference; lastKnownFileType = wrapper.framework; name = SecurityInterface.framework; path = /System/Library/Frameworks/SecurityInterface.framework; sourceTree = "<absolute>"; };
		3EBE7AA307FC76F200DC9A8E /* AcceptCertSheetController.m */ = {isa = PBXFileReference; fileEncoding = 30; lastKnownFileType = sourcecode.c.objc; name = AcceptCertSheetController.m; path = src/AcceptCertSheetController.m; sourceTree = "<group>"; };
		3EBE7AA407FC76F200DC9A8E /* AcceptCertSheetController.h */ = {isa = PBXFileReference; fileEncoding = 30; lastKnownFileType = sourcecode.c.h; name = AcceptCertSheetController.h; path = src/AcceptCertSheetController.h; sourceTree = "<group>"; };
		3ED30DD709115D2C00FFC59E /* libsimias-manager.a */ = {isa = PBXFileReference; lastKnownFileType = archive.ar; path = "libsimias-manager.a"; sourceTree = "<group>"; };
		3EDA494207C681B7007CD1E0 /* MCTableView.h */ = {isa = PBXFileReference; fileEncoding = 30; lastKnownFileType = sourcecode.c.h; name = MCTableView.h; path = src/MCTableView.h; sourceTree = "<group>"; };
		3EDA494307C681B7007CD1E0 /* MCTableView.m */ = {isa = PBXFileReference; fileEncoding = 30; lastKnownFileType = sourcecode.c.objc; name = MCTableView.m; path = src/MCTableView.m; sourceTree = "<group>"; };
		3EDD6AD807AEAECB008A2A3B /* SimiasService.h */ = {isa = PBXFileReference; fileEncoding = 30; lastKnownFileType = sourcecode.c.h; path = SimiasService.h; sourceTree = "<group>"; };
		3EDD6AD907AEAECB008A2A3B /* SimiasService.m */ = {isa = PBXFileReference; fileEncoding = 30; lastKnownFileType = sourcecode.c.objc; path = SimiasService.m; sourceTree = "<group>"; };
		3EE1742E086CA85F00095C42 /* es */ = {isa = PBXFileReference; lastKnownFileType = text.plist.strings; name = es; path = es.lproj/Localizable.strings; sourceTree = "<group>"; };
		3EE17431086CA86900095C42 /* es */ = {isa = PBXFileReference; lastKnownFileType = text.rtf; name = es; path = es.lproj/Credits.rtf; sourceTree = "<group>"; };
		3EE17434086CA87100095C42 /* es */ = {isa = PBXFileReference; lastKnownFileType = text.plist.strings; name = es; path = es.lproj/InfoPlist.strings; sourceTree = "<group>"; };
		3EE17437086CA87900095C42 /* es */ = {isa = PBXFileReference; lastKnownFileType = wrapper.nib; name = es; path = es.lproj/MainMenu.nib; sourceTree = "<group>"; };
		3EE1743A086CA88100095C42 /* es */ = {isa = PBXFileReference; lastKnownFileType = wrapper.nib; name = es; path = es.lproj/LoginWindow.nib; sourceTree = "<group>"; };
		3EE1743D086CA88800095C42 /* es */ = {isa = PBXFileReference; lastKnownFileType = wrapper.nib; name = es; path = es.lproj/Preferences.nib; sourceTree = "<group>"; };
		3EE17440086CA88F00095C42 /* es */ = {isa = PBXFileReference; lastKnownFileType = wrapper.nib; name = es; path = es.lproj/Properties.nib; sourceTree = "<group>"; };
		3EE17443086CA89600095C42 /* es */ = {isa = PBXFileReference; lastKnownFileType = wrapper.nib; name = es; path = es.lproj/AboutBox.nib; sourceTree = "<group>"; };
		3EE17446086CA89D00095C42 /* es */ = {isa = PBXFileReference; lastKnownFileType = wrapper.nib; name = es; path = es.lproj/LogWindow.nib; sourceTree = "<group>"; };
		3EE17449086CA8A400095C42 /* es */ = {isa = PBXFileReference; lastKnownFileType = wrapper.nib; name = es; path = es.lproj/iFolderWindow.nib; sourceTree = "<group>"; };
		3EE1744C086CA8AA00095C42 /* es */ = {isa = PBXFileReference; lastKnownFileType = wrapper.nib; name = es; path = es.lproj/ConflictResolver.nib; sourceTree = "<group>"; };
		3EE1744F086CA8B100095C42 /* es */ = {isa = PBXFileReference; lastKnownFileType = wrapper.nib; name = es; path = es.lproj/AcceptCert.nib; sourceTree = "<group>"; };
		3EE238DB07C108EB00772501 /* prefs-notification32.png */ = {isa = PBXFileReference; lastKnownFileType = image.png; name = "prefs-notification32.png"; path = "../images/prefs-notification32.png"; sourceTree = SOURCE_ROOT; };
		3EE238DC07C108EB00772501 /* prefs-sync32.png */ = {isa = PBXFileReference; lastKnownFileType = image.png; name = "prefs-sync32.png"; path = "../images/prefs-sync32.png"; sourceTree = SOURCE_ROOT; };
		3EE238DD07C108EB00772501 /* prefs-general32.png */ = {isa = PBXFileReference; lastKnownFileType = image.png; name = "prefs-general32.png"; path = "../images/prefs-general32.png"; sourceTree = SOURCE_ROOT; };
		3EE238DE07C108EB00772501 /* prefs-accounts32.png */ = {isa = PBXFileReference; lastKnownFileType = image.png; name = "prefs-accounts32.png"; path = "../images/prefs-accounts32.png"; sourceTree = SOURCE_ROOT; };
		3EE276DF07C40C2400A645A0 /* PropGeneralController.h */ = {isa = PBXFileReference; fileEncoding = 30; lastKnownFileType = sourcecode.c.h; name = PropGeneralController.h; path = src/PropGeneralController.h; sourceTree = "<group>"; };
		3EE276E007C40C2400A645A0 /* PropGeneralController.m */ = {isa = PBXFileReference; fileEncoding = 30; lastKnownFileType = sourcecode.c.objc; name = PropGeneralController.m; path = src/PropGeneralController.m; sourceTree = "<group>"; };
		3EE2781D07C44B7400A645A0 /* DiskSpace.h */ = {isa = PBXFileReference; fileEncoding = 4; lastKnownFileType = sourcecode.c.h; name = DiskSpace.h; path = src/DiskSpace.h; sourceTree = "<group>"; };
		3EE2781E07C44B7400A645A0 /* DiskSpace.m */ = {isa = PBXFileReference; fileEncoding = 4; lastKnownFileType = sourcecode.c.objc; name = DiskSpace.m; path = src/DiskSpace.m; sourceTree = "<group>"; };
		3EE2787B07C45E2100A645A0 /* TimeSpan.h */ = {isa = PBXFileReference; fileEncoding = 4; lastKnownFileType = sourcecode.c.h; name = TimeSpan.h; path = src/TimeSpan.h; sourceTree = "<group>"; };
		3EE2787C07C45E2100A645A0 /* TimeSpan.m */ = {isa = PBXFileReference; fileEncoding = 4; lastKnownFileType = sourcecode.c.objc; name = TimeSpan.m; path = src/TimeSpan.m; sourceTree = "<group>"; };
		3EE278EC07C46CD500A645A0 /* SyncSize.h */ = {isa = PBXFileReference; fileEncoding = 4; lastKnownFileType = sourcecode.c.h; name = SyncSize.h; path = src/SyncSize.h; sourceTree = "<group>"; };
		3EE278ED07C46CD500A645A0 /* SyncSize.m */ = {isa = PBXFileReference; fileEncoding = 4; lastKnownFileType = sourcecode.c.objc; name = SyncSize.m; path = src/SyncSize.m; sourceTree = "<group>"; };
		3EE449E107A7DEDB00B93B2F /* ifolder24.png */ = {isa = PBXFileReference; lastKnownFileType = image.png; name = ifolder24.png; path = ../images/ifolder24.png; sourceTree = SOURCE_ROOT; };
		3EE449E307A7DF0000B93B2F /* serverifolder24.png */ = {isa = PBXFileReference; lastKnownFileType = image.png; name = serverifolder24.png; path = ../images/serverifolder24.png; sourceTree = SOURCE_ROOT; };
		3EE886E907B92E8B00484B9F /* iFolderApplication.m */ = {isa = PBXFileReference; fileEncoding = 30; lastKnownFileType = sourcecode.c.objc; name = iFolderApplication.m; path = src/iFolderApplication.m; sourceTree = "<group>"; };
		3EE886EA07B92E8B00484B9F /* iFolderApplication.h */ = {isa = PBXFileReference; fileEncoding = 30; lastKnownFileType = sourcecode.c.h; name = iFolderApplication.h; path = src/iFolderApplication.h; sourceTree = "<group>"; };
		3EE8881707B9620F00484B9F /* iFolderWindowController.h */ = {isa = PBXFileReference; fileEncoding = 30; lastKnownFileType = sourcecode.c.h; name = iFolderWindowController.h; path = src/iFolderWindowController.h; sourceTree = "<group>"; };
		3EE8881807B9620F00484B9F /* iFolderWindowController.m */ = {isa = PBXFileReference; fileEncoding = 30; lastKnownFileType = sourcecode.c.objc; name = iFolderWindowController.m; path = src/iFolderWindowController.m; sourceTree = "<group>"; };
		3EEA9A3407B1D3580015FCF4 /* ifolderuser.png */ = {isa = PBXFileReference; lastKnownFileType = image.png; name = ifolderuser.png; path = ../images/ifolderuser.png; sourceTree = SOURCE_ROOT; };
		3EEA9A4907B1D9C30015FCF4 /* PropSharingController.m */ = {isa = PBXFileReference; fileEncoding = 30; lastKnownFileType = sourcecode.c.objc; name = PropSharingController.m; path = src/PropSharingController.m; sourceTree = "<group>"; };
		3EEA9A4A07B1D9C30015FCF4 /* PropSharingController.h */ = {isa = PBXFileReference; fileEncoding = 30; lastKnownFileType = sourcecode.c.h; name = PropSharingController.h; path = src/PropSharingController.h; sourceTree = "<group>"; };
		3EEA9A6807B1DC4F0015FCF4 /* User.h */ = {isa = PBXFileReference; fileEncoding = 4; lastKnownFileType = sourcecode.c.h; name = User.h; path = src/User.h; sourceTree = "<group>"; };
		3EEA9A6907B1DC4F0015FCF4 /* User.m */ = {isa = PBXFileReference; fileEncoding = 4; lastKnownFileType = sourcecode.c.objc; name = User.m; path = src/User.m; sourceTree = "<group>"; };
		8D1107310486CEB800E47090 /* Info.plist */ = {isa = PBXFileReference; fileEncoding = 4; lastKnownFileType = text.plist; path = Info.plist; sourceTree = "<group>"; };
		8D1107320486CEB800E47090 /* iFolder 3.app */ = {isa = PBXFileReference; explicitFileType = wrapper.application; includeInIndex = 0; path = "iFolder 3.app"; sourceTree = BUILT_PRODUCTS_DIR; };
/* End PBXFileReference section */

/* Begin PBXFrameworksBuildPhase section */
		8D11072E0486CEB800E47090 /* Frameworks */ = {
			isa = PBXFrameworksBuildPhase;
			buildActionMask = 2147483647;
			files = (
				8D11072F0486CEB800E47090 /* Cocoa.framework in Frameworks */,
				3E23FEF00768CDC500877BDF /* AppKit.framework in Frameworks */,
				3E23FEF10768CDCA00877BDF /* Foundation.framework in Frameworks */,
				3EAEF5060769104900B98AF6 /* CoreServices.framework in Frameworks */,
				3E34A2820772BF1A009AC400 /* libifolderclient.0.dylib in Frameworks */,
				3E67778707AEACEF0027130D /* libsimias.0.dylib in Frameworks */,
				3EB7842607C2D31400E2B733 /* libsimias-event.dylib in Frameworks */,
				3EAE2EB707FB7F58007BE2E0 /* Security.framework in Frameworks */,
				3EBE7A2507FC5A0C00DC9A8E /* SecurityInterface.framework in Frameworks */,
				3E7C4E87086A66AE00D41026 /* SystemConfiguration.framework in Frameworks */,
				3ED30DD809115D2C00FFC59E /* libsimias-manager.a in Frameworks */,
			);
			runOnlyForDeploymentPostprocessing = 0;
		};
/* End PBXFrameworksBuildPhase section */

/* Begin PBXGroup section */
		080E96DDFE201D6D7F000001 /* OtherWindows */ = {
			isa = PBXGroup;
			children = (
				3EBE7AA407FC76F200DC9A8E /* AcceptCertSheetController.h */,
				3EBE7AA307FC76F200DC9A8E /* AcceptCertSheetController.m */,
				3E81105D076FF18700E96819 /* LoginWindowController.h */,
				3E81105E076FF18700E96819 /* LoginWindowController.m */,
				3E4F5737078C30DA00313076 /* SyncLogWindowController.h */,
				3E4F5738078C30DA00313076 /* SyncLogWindowController.m */,
				3E6F7ACD07B3E55A00F46F36 /* AboutBoxController.h */,
				3E6F7ACE07B3E55A00F46F36 /* AboutBoxController.m */,
				3E0E6CFF07C7E7290057D505 /* ConflictWindowController.h */,
				3E0E6CFE07C7E7290057D505 /* ConflictWindowController.m */,
			);
			name = OtherWindows;
			sourceTree = "<group>";
		};
		1058C7A0FEA54F0111CA2CBB /* Linked Frameworks */ = {
			isa = PBXGroup;
			children = (
				1058C7A1FEA54F0111CA2CBB /* Cocoa.framework */,
			);
			name = "Linked Frameworks";
			sourceTree = "<group>";
		};
		1058C7A2FEA54F0111CA2CBB /* Other Frameworks */ = {
			isa = PBXGroup;
			children = (
				29B97325FDCFA39411CA2CEA /* Foundation.framework */,
				29B97324FDCFA39411CA2CEA /* AppKit.framework */,
			);
			name = "Other Frameworks";
			sourceTree = "<group>";
		};
		19C28FACFE9D520D11CA2CBB /* Products */ = {
			isa = PBXGroup;
			children = (
				8D1107320486CEB800E47090 /* iFolder 3.app */,
			);
			name = Products;
			sourceTree = "<group>";
		};
		29B97314FDCFA39411CA2CEA /* iFolder 3 */ = {
			isa = PBXGroup;
			children = (
				3E8853C907C6F80A00E8B6CD /* notify */,
				3E19994507BAE41E00AAC29A /* Events */,
				3E66704F07B7D3A90047E683 /* Application */,
				080E96DDFE201D6D7F000001 /* OtherWindows */,
				3EE887F507B95C1400484B9F /* Properties */,
				3EE887F407B95BF000484B9F /* iFolderWindow */,
				3EE887F307B95BD700484B9F /* Preferences */,
				3E255FFC077235290062AB7A /* webservice */,
				3EEA9A6507B1DBCC0015FCF4 /* Models */,
				29B97315FDCFA39411CA2CEA /* Other Sources */,
				29B97317FDCFA39411CA2CEA /* Resources */,
				29B97323FDCFA39411CA2CEA /* Frameworks */,
				19C28FACFE9D520D11CA2CBB /* Products */,
			);
			name = "iFolder 3";
			sourceTree = "<group>";
		};
		29B97315FDCFA39411CA2CEA /* Other Sources */ = {
			isa = PBXGroup;
			children = (
				32CA4F630368D1EE00C91783 /* iFolder_Prefix.pch */,
				29B97316FDCFA39411CA2CEA /* main.m */,
			);
			name = "Other Sources";
			sourceTree = "<group>";
		};
		29B97317FDCFA39411CA2CEA /* Resources */ = {
			isa = PBXGroup;
			children = (
				3EF97A7B07DF77E100BA8880 /* Localizable.strings */,
				3E9D3F2307DFA79C00AA93D6 /* Credits.rtf */,
				8D1107310486CEB800E47090 /* Info.plist */,
				089C165CFE840E0CC02AAC07 /* InfoPlist.strings */,
				29B97318FDCFA39411CA2CEA /* MainMenu.nib */,
				3EF2212D07681AA400EE2EF6 /* LoginWindow.nib */,
				3E70A407078DFB8A0075681D /* Preferences.nib */,
				3EB8C509079392230082AA86 /* Properties.nib */,
				3E6F7AC907B3E4DB00F46F36 /* AboutBox.nib */,
				3EE8876907B9503200484B9F /* LogWindow.nib */,
				3EE8881407B9603E00484B9F /* iFolderWindow.nib */,
				3EA98A9F07C7A4520078451D /* ConflictResolver.nib */,
				3EBE7A8A07FC74CA00DC9A8E /* AcceptCert.nib */,
				3E09F85F07C04CE200381F59 /* newifolder32.png */,
				3E49BC6B0765224B0040812D /* ifolder.icns */,
				3E09F83307C048B700381F59 /* conflict32.png */,
				3E09F82D07C048AA00381F59 /* sync32.png */,
				3E09F82707C0489F00381F59 /* share32.png */,
				3E09F82107C0489300381F59 /* setup32.png */,
				3EE449E107A7DEDB00B93B2F /* ifolder24.png */,
				3EE449E307A7DF0000B93B2F /* serverifolder24.png */,
				3EE238DB07C108EB00772501 /* prefs-notification32.png */,
				3EE238DC07C108EB00772501 /* prefs-sync32.png */,
				3EE238DD07C108EB00772501 /* prefs-general32.png */,
				3EE238DE07C108EB00772501 /* prefs-accounts32.png */,
				3E19255007A7E1FF00F9E44D /* ifolder-banner.png */,
				3E19255207A7E20700F9E44D /* ifolder-banner-scaler.png */,
				3EEA9A3407B1D3580015FCF4 /* ifolderuser.png */,
				3E09F7AB07C0387700381F59 /* save32.png */,
				3E09F7AD07C0388400381F59 /* clear32.png */,
				3E8A565307C1039E00FDAD31 /* mono-powered.png */,
			);
			name = Resources;
			sourceTree = "<group>";
		};
		29B97323FDCFA39411CA2CEA /* Frameworks */ = {
			isa = PBXGroup;
			children = (
				3E7C4E86086A66AE00D41026 /* SystemConfiguration.framework */,
				3EBE7A2407FC5A0C00DC9A8E /* SecurityInterface.framework */,
				3EAE2EB607FB7F58007BE2E0 /* Security.framework */,
				3EB7842507C2D31400E2B733 /* libsimias-event.dylib */,
				3E67778607AEACEF0027130D /* libsimias.0.dylib */,
				3E34A2810772BF1A009AC400 /* libifolderclient.0.dylib */,
				3ED30DD709115D2C00FFC59E /* libsimias-manager.a */,
				3EAEF5050769104900B98AF6 /* CoreServices.framework */,
				1058C7A0FEA54F0111CA2CBB /* Linked Frameworks */,
				1058C7A2FEA54F0111CA2CBB /* Other Frameworks */,
			);
			name = Frameworks;
			sourceTree = "<group>";
		};
		3E19994507BAE41E00AAC29A /* Events */ = {
			isa = PBXGroup;
			children = (
				3E19994807BAE47700AAC29A /* SMEvents.h */,
				3E19994907BAE47700AAC29A /* SMEvents.m */,
				3E3405A5078B40EF00630436 /* SimiasEventHandlers.h */,
				3E3405A6078B40EF00630436 /* SimiasEventHandlers.m */,
				3E1998AD07BAC93600AAC29A /* SMQueue.h */,
				3E1998AE07BAC93600AAC29A /* SMQueue.m */,
				3E19989407BAC5BD00AAC29A /* SimiasEventData.h */,
				3E19989507BAC5BD00AAC29A /* SimiasEventData.m */,
			);
			name = Events;
			sourceTree = "<group>";
		};
		3E255FFC077235290062AB7A /* webservice */ = {
			isa = PBXGroup;
			children = (
				3E215A4C07E73C310082EACE /* MemberSearchResults.h */,
				3E215A4D07E73C310082EACE /* MemberSearchResults.m */,
				3EDD6AD807AEAECB008A2A3B /* SimiasService.h */,
				3EDD6AD907AEAECB008A2A3B /* SimiasService.m */,
				3E255FFF077235290062AB7A /* iFolderService.h */,
				3E256000077235290062AB7A /* iFolderService.m */,
			);
			path = webservice;
			sourceTree = "<group>";
		};
		3E66704F07B7D3A90047E683 /* Application */ = {
			isa = PBXGroup;
			children = (
				3EA94F5F07B823CA0088FD0F /* config.h.in */,
				3E9A956E0873120200702179 /* applog.h */,
				3E9A956F0873120200702179 /* applog.m */,
				3E66705207B7D3CC0047E683 /* Simias.h */,
				3E66705307B7D3CC0047E683 /* Simias.m */,
				3EE886EA07B92E8B00484B9F /* iFolderApplication.h */,
				3EE886E907B92E8B00484B9F /* iFolderApplication.m */,
				3EB62D0D07B9C907000C8112 /* iFolderData.h */,
				3EB62D0E07B9C907000C8112 /* iFolderData.m */,
				3E15669C07C5330600972388 /* VerticalBarView.h */,
				3E15669B07C5330600972388 /* VerticalBarView.m */,
				3EDA494207C681B7007CD1E0 /* MCTableView.h */,
				3EDA494307C681B7007CD1E0 /* MCTableView.m */,
			);
			name = Application;
			sourceTree = "<group>";
		};
		3E8853C907C6F80A00E8B6CD /* notify */ = {
			isa = PBXGroup;
			children = (
				3E8853CA07C6F80A00E8B6CD /* iFolderNotificationController.h */,
				3E8853CB07C6F80A00E8B6CD /* iFolderNotificationController.m */,
				3E8853CE07C6F80A00E8B6CD /* KABubbleWindow.h */,
				3E8853CF07C6F80A00E8B6CD /* KABubbleWindow.m */,
				3E8853D007C6F80A00E8B6CD /* KABubbleWindowController.h */,
				3E8853D107C6F80A00E8B6CD /* KABubbleWindowController.m */,
				3E8853D207C6F80A00E8B6CD /* KABubbleWindowView.h */,
				3E8853D307C6F80A00E8B6CD /* KABubbleWindowView.m */,
			);
			path = notify;
			sourceTree = "<group>";
		};
		3EE887F307B95BD700484B9F /* Preferences */ = {
			isa = PBXGroup;
			children = (
				3E6D783307B098E2001DA76A /* LeaveDomainSheetController.h */,
				3E6D783207B098E2001DA76A /* LeaveDomainSheetController.m */,
				3E70A40A078DFCD80075681D /* iFolderPrefsController.h */,
				3E70A40B078DFCD80075681D /* iFolderPrefsController.m */,
				3E3BC75407AB5B7B00D2AE46 /* AccountsController.h */,
				3E3BC75307AB5B7B00D2AE46 /* AccountsController.m */,
			);
			name = Preferences;
			sourceTree = "<group>";
		};
		3EE887F407B95BF000484B9F /* iFolderWindow */ = {
			isa = PBXGroup;
			children = (
				3EE8881707B9620F00484B9F /* iFolderWindowController.h */,
				3EE8881807B9620F00484B9F /* iFolderWindowController.m */,
				3E528C3107754B8E0064F585 /* CreateiFolderSheetController.h */,
				3E528C3207754B8E0064F585 /* CreateiFolderSheetController.m */,
				3E9B1B02077927E20072994B /* SetupiFolderSheetController.h */,
				3E9B1B01077927E20072994B /* SetupiFolderSheetController.m */,
			);
			name = iFolderWindow;
			sourceTree = "<group>";
		};
		3EE887F507B95C1400484B9F /* Properties */ = {
			isa = PBXGroup;
			children = (
				3EE2787B07C45E2100A645A0 /* TimeSpan.h */,
				3EE2787C07C45E2100A645A0 /* TimeSpan.m */,
				3EB8C511079393B60082AA86 /* PropertiesWindowController.h */,
				3EB8C510079393B60082AA86 /* PropertiesWindowController.m */,
				3EE276DF07C40C2400A645A0 /* PropGeneralController.h */,
				3EE276E007C40C2400A645A0 /* PropGeneralController.m */,
				3EEA9A4A07B1D9C30015FCF4 /* PropSharingController.h */,
				3EEA9A4907B1D9C30015FCF4 /* PropSharingController.m */,
			);
			name = Properties;
			sourceTree = "<group>";
		};
		3EEA9A6507B1DBCC0015FCF4 /* Models */ = {
			isa = PBXGroup;
			children = (
				3E1F31B107EA2AFB005E45BA /* AuthStatus.h */,
				3E1F31B207EA2AFB005E45BA /* AuthStatus.m */,
				3E0E6CBC07C7D41B0057D505 /* iFolderConflict.h */,
				3E0E6CBD07C7D41B0057D505 /* iFolderConflict.m */,
				3EE278EC07C46CD500A645A0 /* SyncSize.h */,
				3EE278ED07C46CD500A645A0 /* SyncSize.m */,
				3EE2781D07C44B7400A645A0 /* DiskSpace.h */,
				3EE2781E07C44B7400A645A0 /* DiskSpace.m */,
				3E5289680774F9FA0064F585 /* iFolder.h */,
				3E5289690774F9FA0064F585 /* iFolder.m */,
				3E52896A0774F9FA0064F585 /* iFolderDomain.h */,
				3E52896B0774F9FA0064F585 /* iFolderDomain.m */,
				3EEA9A6807B1DC4F0015FCF4 /* User.h */,
				3EEA9A6907B1DC4F0015FCF4 /* User.m */,
			);
			name = Models;
			sourceTree = "<group>";
		};
/* End PBXGroup section */

/* Begin PBXNativeTarget section */
		8D1107260486CEB800E47090 /* iFolder 3 */ = {
			isa = PBXNativeTarget;
			buildConfigurationList = 3EAD01D40867661F00AB7E6B /* Build configuration list for PBXNativeTarget "iFolder 3" */;
			buildPhases = (
				8D1107290486CEB800E47090 /* Resources */,
				8D11072C0486CEB800E47090 /* Sources */,
				8D11072E0486CEB800E47090 /* Frameworks */,
			);
			buildRules = (
			);
			buildSettings = {
				GCC_GENERATE_DEBUGGING_SYMBOLS = NO;
				GCC_PRECOMPILE_PREFIX_HEADER = YES;
				GCC_PREFIX_HEADER = iFolder_Prefix.pch;
				INFOPLIST_FILE = Info.plist;
				INSTALL_PATH = "$(HOME)/Applications";
				LIBRARY_SEARCH_PATHS = (
					/Users/calvin/code/ifolder/ifolder/src/libifolder/libs,
					/Users/calvin/code/ifolder/ifolder/src/OSXClient,
					/Users/calvin/code/ifolder/ifolder/src/OSXClient/build,
					/Users/calvin/test/lib,
					/Users/calvin,
				);
				PRODUCT_NAME = "iFolder 3";
				WRAPPER_EXTENSION = app;
			};
			dependencies = (
			);
			name = "iFolder 3";
			productInstallPath = "$(HOME)/Applications";
			productName = "iFolder 3";
			productReference = 8D1107320486CEB800E47090 /* iFolder 3.app */;
			productType = "com.apple.product-type.application";
		};
/* End PBXNativeTarget section */

/* Begin PBXProject section */
		29B97313FDCFA39411CA2CEA /* Project object */ = {
			isa = PBXProject;
			buildConfigurationList = 3EAD01D70867661F00AB7E6B /* Build configuration list for PBXProject "iFolder" */;
			buildSettings = {
			};
			buildStyles = (
				4A9504CCFFE6A4B311CA0CBA /* Development */,
				4A9504CDFFE6A4B311CA0CBA /* Deployment */,
			);
			hasScannedForEncodings = 1;
			knownRegions = (
				English,
				Japanese,
				French,
				German,
				"",
				en,
				es,
			);
			mainGroup = 29B97314FDCFA39411CA2CEA /* iFolder 3 */;
			projectDirPath = "";
			targets = (
				8D1107260486CEB800E47090 /* iFolder 3 */,
			);
		};
/* End PBXProject section */

/* Begin PBXResourcesBuildPhase section */
		8D1107290486CEB800E47090 /* Resources */ = {
			isa = PBXResourcesBuildPhase;
			buildActionMask = 2147483647;
			files = (
				8D11072A0486CEB800E47090 /* MainMenu.nib in Resources */,
				8D11072B0486CEB800E47090 /* InfoPlist.strings in Resources */,
				3E49BC6C0765224B0040812D /* ifolder.icns in Resources */,
				3EF2212F07681AA400EE2EF6 /* LoginWindow.nib in Resources */,
				3E23FEF20768CDCF00877BDF /* Info.plist in Resources */,
				3E23FEF30768CDD100877BDF /* iFolder_Prefix.pch in Resources */,
				3E811061076FF18700E96819 /* LoginWindowController.h in Resources */,
				3E256003077235290062AB7A /* iFolderService.h in Resources */,
				3E52896C0774F9FA0064F585 /* iFolder.h in Resources */,
				3E52896E0774F9FA0064F585 /* iFolderDomain.h in Resources */,
				3E528C3307754B8E0064F585 /* CreateiFolderSheetController.h in Resources */,
				3E9B1B04077927E20072994B /* SetupiFolderSheetController.h in Resources */,
				3E3405A7078B40EF00630436 /* SimiasEventHandlers.h in Resources */,
				3E4F5739078C30DA00313076 /* SyncLogWindowController.h in Resources */,
				3E70A409078DFB8A0075681D /* Preferences.nib in Resources */,
				3E70A40C078DFCD80075681D /* iFolderPrefsController.h in Resources */,
				3EB8C50B079392230082AA86 /* Properties.nib in Resources */,
				3EB8C513079393B60082AA86 /* PropertiesWindowController.h in Resources */,
				3EE449E207A7DEDB00B93B2F /* ifolder24.png in Resources */,
				3EE449E407A7DF0000B93B2F /* serverifolder24.png in Resources */,
				3E19255107A7E1FF00F9E44D /* ifolder-banner.png in Resources */,
				3E19255307A7E20700F9E44D /* ifolder-banner-scaler.png in Resources */,
				3E3BC75607AB5B7B00D2AE46 /* AccountsController.h in Resources */,
				3EDD6ADA07AEAECB008A2A3B /* SimiasService.h in Resources */,
				3E6D783507B098E2001DA76A /* LeaveDomainSheetController.h in Resources */,
				3EEA9A3507B1D3580015FCF4 /* ifolderuser.png in Resources */,
				3EEA9A4C07B1D9C30015FCF4 /* PropSharingController.h in Resources */,
				3EEA9A6A07B1DC4F0015FCF4 /* User.h in Resources */,
				3E6F7ACB07B3E4DB00F46F36 /* AboutBox.nib in Resources */,
				3E6F7ACF07B3E55A00F46F36 /* AboutBoxController.h in Resources */,
				3E9D3F2407DFA79C00AA93D6 /* Credits.rtf in Resources */,
				3E66705407B7D3CC0047E683 /* Simias.h in Resources */,
				3EA94F6007B823CA0088FD0F /* config.h.in in Resources */,
				3EE886EC07B92E8B00484B9F /* iFolderApplication.h in Resources */,
				3EE8876B07B9503200484B9F /* LogWindow.nib in Resources */,
				3EE8881607B9603E00484B9F /* iFolderWindow.nib in Resources */,
				3EE8881907B9620F00484B9F /* iFolderWindowController.h in Resources */,
				3EB62D0F07B9C907000C8112 /* iFolderData.h in Resources */,
				3E19989607BAC5BD00AAC29A /* SimiasEventData.h in Resources */,
				3E1998AF07BAC93600AAC29A /* SMQueue.h in Resources */,
				3E19994A07BAE47700AAC29A /* SMEvents.h in Resources */,
				3E09F7AC07C0387700381F59 /* save32.png in Resources */,
				3E09F7AE07C0388400381F59 /* clear32.png in Resources */,
				3E09F82207C0489300381F59 /* setup32.png in Resources */,
				3E09F82807C0489F00381F59 /* share32.png in Resources */,
				3E09F82E07C048AA00381F59 /* sync32.png in Resources */,
				3E09F83407C048B700381F59 /* conflict32.png in Resources */,
				3E09F86007C04CE200381F59 /* newifolder32.png in Resources */,
				3E8A565407C1039E00FDAD31 /* mono-powered.png in Resources */,
				3EE238DF07C108EB00772501 /* prefs-notification32.png in Resources */,
				3EE238E007C108EB00772501 /* prefs-sync32.png in Resources */,
				3EE238E107C108EB00772501 /* prefs-general32.png in Resources */,
				3EE238E207C108EB00772501 /* prefs-accounts32.png in Resources */,
				3EE276E107C40C2400A645A0 /* PropGeneralController.h in Resources */,
				3EE2781F07C44B7400A645A0 /* DiskSpace.h in Resources */,
				3EE2787D07C45E2100A645A0 /* TimeSpan.h in Resources */,
				3EE278EE07C46CD500A645A0 /* SyncSize.h in Resources */,
				3E15669E07C5330600972388 /* VerticalBarView.h in Resources */,
				3EDA494407C681B7007CD1E0 /* MCTableView.h in Resources */,
				3E8853D407C6F80A00E8B6CD /* iFolderNotificationController.h in Resources */,
				3E8853D807C6F80A00E8B6CD /* KABubbleWindow.h in Resources */,
				3E8853DA07C6F80A00E8B6CD /* KABubbleWindowController.h in Resources */,
				3E8853DC07C6F80A00E8B6CD /* KABubbleWindowView.h in Resources */,
				3EA98AA107C7A4520078451D /* ConflictResolver.nib in Resources */,
				3E0E6CBE07C7D41B0057D505 /* iFolderConflict.h in Resources */,
				3E0E6D0107C7E7290057D505 /* ConflictWindowController.h in Resources */,
				3EF97A7D07DF77E100BA8880 /* Localizable.strings in Resources */,
				3E215A4E07E73C310082EACE /* MemberSearchResults.h in Resources */,
				3E1F31B307EA2AFB005E45BA /* AuthStatus.h in Resources */,
				3EBE7A8C07FC74CA00DC9A8E /* AcceptCert.nib in Resources */,
				3EBE7AA607FC76F200DC9A8E /* AcceptCertSheetController.h in Resources */,
			);
			runOnlyForDeploymentPostprocessing = 0;
		};
/* End PBXResourcesBuildPhase section */

/* Begin PBXSourcesBuildPhase section */
		8D11072C0486CEB800E47090 /* Sources */ = {
			isa = PBXSourcesBuildPhase;
			buildActionMask = 2147483647;
			files = (
				8D11072D0486CEB800E47090 /* main.m in Sources */,
				3E811062076FF18700E96819 /* LoginWindowController.m in Sources */,
				3E256004077235290062AB7A /* iFolderService.m in Sources */,
				3E52896D0774F9FA0064F585 /* iFolder.m in Sources */,
				3E52896F0774F9FA0064F585 /* iFolderDomain.m in Sources */,
				3E528C3407754B8E0064F585 /* CreateiFolderSheetController.m in Sources */,
				3E9B1B03077927E20072994B /* SetupiFolderSheetController.m in Sources */,
				3E3405A8078B40EF00630436 /* SimiasEventHandlers.m in Sources */,
				3E4F573A078C30DA00313076 /* SyncLogWindowController.m in Sources */,
				3E70A40D078DFCD80075681D /* iFolderPrefsController.m in Sources */,
				3EB8C512079393B60082AA86 /* PropertiesWindowController.m in Sources */,
				3E3BC75507AB5B7B00D2AE46 /* AccountsController.m in Sources */,
				3EDD6ADB07AEAECB008A2A3B /* SimiasService.m in Sources */,
				3E6D783407B098E2001DA76A /* LeaveDomainSheetController.m in Sources */,
				3EEA9A4B07B1D9C30015FCF4 /* PropSharingController.m in Sources */,
				3EEA9A6B07B1DC4F0015FCF4 /* User.m in Sources */,
				3E6F7AD007B3E55A00F46F36 /* AboutBoxController.m in Sources */,
				3E66705507B7D3CC0047E683 /* Simias.m in Sources */,
				3EE886EB07B92E8B00484B9F /* iFolderApplication.m in Sources */,
				3EE8881A07B9620F00484B9F /* iFolderWindowController.m in Sources */,
				3EB62D1007B9C907000C8112 /* iFolderData.m in Sources */,
				3E19989707BAC5BD00AAC29A /* SimiasEventData.m in Sources */,
				3E1998B007BAC93600AAC29A /* SMQueue.m in Sources */,
				3E19994B07BAE47700AAC29A /* SMEvents.m in Sources */,
				3EE276E207C40C2400A645A0 /* PropGeneralController.m in Sources */,
				3EE2782007C44B7400A645A0 /* DiskSpace.m in Sources */,
				3EE2787E07C45E2100A645A0 /* TimeSpan.m in Sources */,
				3EE278EF07C46CD500A645A0 /* SyncSize.m in Sources */,
				3E15669D07C5330600972388 /* VerticalBarView.m in Sources */,
				3EDA494507C681B7007CD1E0 /* MCTableView.m in Sources */,
				3E8853D507C6F80A00E8B6CD /* iFolderNotificationController.m in Sources */,
				3E8853D907C6F80A00E8B6CD /* KABubbleWindow.m in Sources */,
				3E8853DB07C6F80A00E8B6CD /* KABubbleWindowController.m in Sources */,
				3E8853DD07C6F80A00E8B6CD /* KABubbleWindowView.m in Sources */,
				3E0E6CBF07C7D41B0057D505 /* iFolderConflict.m in Sources */,
				3E0E6D0007C7E7290057D505 /* ConflictWindowController.m in Sources */,
				3E215A4F07E73C310082EACE /* MemberSearchResults.m in Sources */,
				3E1F31B407EA2AFB005E45BA /* AuthStatus.m in Sources */,
				3EBE7AA507FC76F200DC9A8E /* AcceptCertSheetController.m in Sources */,
				3E9A95700873120200702179 /* applog.m in Sources */,
			);
			runOnlyForDeploymentPostprocessing = 0;
		};
/* End PBXSourcesBuildPhase section */

/* Begin PBXVariantGroup section */
		089C165CFE840E0CC02AAC07 /* InfoPlist.strings */ = {
			isa = PBXVariantGroup;
			children = (
				3E946F8E086A449300B73E10 /* English */,
				3EE17434086CA87100095C42 /* es */,
			);
			name = InfoPlist.strings;
			sourceTree = "<group>";
		};
		29B97318FDCFA39411CA2CEA /* MainMenu.nib */ = {
			isa = PBXVariantGroup;
			children = (
				3E946F91086A449A00B73E10 /* English */,
				3EE17437086CA87900095C42 /* es */,
			);
			name = MainMenu.nib;
			sourceTree = "<group>";
		};
		3E6F7AC907B3E4DB00F46F36 /* AboutBox.nib */ = {
			isa = PBXVariantGroup;
			children = (
				3E946F9D086A44B100B73E10 /* English */,
				3EE17443086CA89600095C42 /* es */,
			);
			name = AboutBox.nib;
			sourceTree = "<group>";
		};
		3E70A407078DFB8A0075681D /* Preferences.nib */ = {
			isa = PBXVariantGroup;
			children = (
				3E946F97086A44A600B73E10 /* English */,
				3EE1743D086CA88800095C42 /* es */,
			);
			name = Preferences.nib;
			sourceTree = "<group>";
		};
		3E9D3F2307DFA79C00AA93D6 /* Credits.rtf */ = {
			isa = PBXVariantGroup;
			children = (
				3E946F8B086A448D00B73E10 /* English */,
				3EE17431086CA86900095C42 /* es */,
			);
			name = Credits.rtf;
			sourceTree = "<group>";
		};
		3EA98A9F07C7A4520078451D /* ConflictResolver.nib */ = {
			isa = PBXVariantGroup;
			children = (
				3E946FA6086A44C300B73E10 /* English */,
				3EE1744C086CA8AA00095C42 /* es */,
			);
			name = ConflictResolver.nib;
			sourceTree = "<group>";
		};
		3EB8C509079392230082AA86 /* Properties.nib */ = {
			isa = PBXVariantGroup;
			children = (
				3E946F9A086A44AB00B73E10 /* English */,
				3EE17440086CA88F00095C42 /* es */,
			);
			name = Properties.nib;
			sourceTree = "<group>";
		};
		3EBE7A8A07FC74CA00DC9A8E /* AcceptCert.nib */ = {
			isa = PBXVariantGroup;
			children = (
				3E946FA9086A44C900B73E10 /* English */,
				3EE1744F086CA8B100095C42 /* es */,
			);
			name = AcceptCert.nib;
			sourceTree = "<group>";
		};
		3EE8876907B9503200484B9F /* LogWindow.nib */ = {
			isa = PBXVariantGroup;
			children = (
				3E946FA0086A44B700B73E10 /* English */,
				3EE17446086CA89D00095C42 /* es */,
			);
			name = LogWindow.nib;
			sourceTree = "<group>";
		};
		3EE8881407B9603E00484B9F /* iFolderWindow.nib */ = {
			isa = PBXVariantGroup;
			children = (
				3E946FA3086A44BD00B73E10 /* English */,
				3EE17449086CA8A400095C42 /* es */,
			);
			name = iFolderWindow.nib;
			sourceTree = "<group>";
		};
		3EF2212D07681AA400EE2EF6 /* LoginWindow.nib */ = {
			isa = PBXVariantGroup;
			children = (
				3E946F94086A44A000B73E10 /* English */,
				3EE1743A086CA88100095C42 /* es */,
			);
			name = LoginWindow.nib;
			sourceTree = "<group>";
		};
		3EF97A7B07DF77E100BA8880 /* Localizable.strings */ = {
			isa = PBXVariantGroup;
			children = (
				3E946F7B086A447A00B73E10 /* English */,
				3EE1742E086CA85F00095C42 /* es */,
			);
			name = Localizable.strings;
			sourceTree = "<group>";
		};
/* End PBXVariantGroup section */

/* Begin XCBuildConfiguration section */
		3EAD01D50867661F00AB7E6B /* debug */ = {
			isa = XCBuildConfiguration;
			buildSettings = {
				COPY_PHASE_STRIP = NO;
				GCC_DYNAMIC_NO_PIC = NO;
				GCC_ENABLE_FIX_AND_CONTINUE = YES;
				GCC_ENABLE_OBJC_EXCEPTIONS = YES;
				GCC_GENERATE_DEBUGGING_SYMBOLS = YES;
				GCC_OPTIMIZATION_LEVEL = 0;
				GCC_PRECOMPILE_PREFIX_HEADER = YES;
				GCC_PREFIX_HEADER = iFolder_Prefix.pch;
				HEADER_SEARCH_PATHS = (
					../libifolder,
					"../../../simias/src/SimiasClient/libsimias-event",
					../../../simias/src/libsimias,
					"../../../simias/src/SimiasClient/libsimias-manager",
				);
				INFOPLIST_FILE = Info.plist;
				INSTALL_PATH = "$(HOME)/Applications";
				LIBRARY_SEARCH_PATHS = (
					../libifolder/.libs,
					"../../../simias/src/SimiasClient/libsimias-event/.libs",
					"../../../simias/src/SimiasClient/libsimias-manager",
					../../../simias/src/libsimias/.libs,
					"$(SRCROOT)",
				);
				PREBINDING = YES;
				PRODUCT_NAME = "iFolder 3";
				WRAPPER_EXTENSION = app;
				ZERO_LINK = NO;
			};
			name = debug;
		};
		3EAD01D60867661F00AB7E6B /* release */ = {
			isa = XCBuildConfiguration;
			buildSettings = {
				COPY_PHASE_STRIP = YES;
				GCC_ENABLE_FIX_AND_CONTINUE = NO;
				GCC_ENABLE_OBJC_EXCEPTIONS = YES;
				GCC_GENERATE_DEBUGGING_SYMBOLS = NO;
				GCC_PRECOMPILE_PREFIX_HEADER = YES;
				GCC_PREFIX_HEADER = iFolder_Prefix.pch;
				HEADER_SEARCH_PATHS = (
					../libifolder,
					"../../../simias/src/SimiasClient/libsimias-event",
					../../../simias/src/libsimias,
					"../../../simias/src/SimiasClient/libsimias-manager",
				);
				INFOPLIST_FILE = Info.plist;
				INSTALL_PATH = "$(HOME)/Applications";
				LIBRARY_SEARCH_PATHS = (
					../libifolder/.libs,
					"../../../simias/src/SimiasClient/libsimias-event/.libs",
					"../../../simias/src/SimiasClient/libsimias-manager",
					../../../simias/src/libsimias/.libs,
					"$(SRCROOT)",
				);
				OTHER_LDFLAGS = "-flat_namespace";
				PRODUCT_NAME = "iFolder 3";
				WRAPPER_EXTENSION = app;
				ZERO_LINK = NO;
			};
			name = release;
		};
		3EAD01D80867661F00AB7E6B /* debug */ = {
			isa = XCBuildConfiguration;
			buildSettings = {
			};
			name = debug;
		};
		3EAD01D90867661F00AB7E6B /* release */ = {
			isa = XCBuildConfiguration;
			buildSettings = {
			};
			name = release;
		};
/* End XCBuildConfiguration section */

/* Begin XCConfigurationList section */
		3EAD01D40867661F00AB7E6B /* Build configuration list for PBXNativeTarget "iFolder 3" */ = {
			isa = XCConfigurationList;
			buildConfigurations = (
				3EAD01D50867661F00AB7E6B /* debug */,
				3EAD01D60867661F00AB7E6B /* release */,
			);
			defaultConfigurationIsVisible = 0;
			defaultConfigurationName = release;
		};
		3EAD01D70867661F00AB7E6B /* Build configuration list for PBXProject "iFolder" */ = {
			isa = XCConfigurationList;
			buildConfigurations = (
				3EAD01D80867661F00AB7E6B /* debug */,
				3EAD01D90867661F00AB7E6B /* release */,
			);
			defaultConfigurationIsVisible = 0;
			defaultConfigurationName = release;
		};
/* End XCConfigurationList section */
	};
	rootObject = 29B97313FDCFA39411CA2CEA /* Project object */;
}
