Microsoft Visual Studio Solution File, Format Version 8.00
Project("{FAE04EC0-301F-11D3-BF4B-00C04F79EFBC}") = "EventLogReader", "EventLogReader.csproj", "{B137A27A-07F1-43D9-9CDF-840E72452D3D}"
	ProjectSection(ProjectDependencies) = postProject
	EndProjectSection
EndProject
Global
	GlobalSection(SolutionConfiguration) = preSolution
		Debug = Debug
		Release = Release
	EndGlobalSection
	GlobalSection(ProjectConfiguration) = postSolution
		{B137A27A-07F1-43D9-9CDF-840E72452D3D}.Debug.ActiveCfg = Release|.NET
		{B137A27A-07F1-43D9-9CDF-840E72452D3D}.Debug.Build.0 = Release|.NET
		{B137A27A-07F1-43D9-9CDF-840E72452D3D}.Release.ActiveCfg = Release|.NET
		{B137A27A-07F1-43D9-9CDF-840E72452D3D}.Release.Build.0 = Release|.NET
	EndGlobalSection
	GlobalSection(ExtensibilityGlobals) = postSolution
	EndGlobalSection
	GlobalSection(ExtensibilityAddIns) = postSolution
	EndGlobalSection
EndGlobal
