Microsoft Visual Studio Solution File, Format Version 8.00
Project("{FAE04EC0-301F-11D3-BF4B-00C04F79EFBC}") = "CollectionStore", "CollectionStore.csproj", "{CB7ACE79-DE8D-4A5C-A8EF-4606199B225D}"
	ProjectSection(ProjectDependencies) = postProject
	EndProjectSection
EndProject
Project("{FAE04EC0-301F-11D3-BF4B-00C04F79EFBC}") = "CollectionStoreTests", "CollectionStoreTests\CollectionStoreTests.csproj", "{0BFAB3F8-375F-4D51-B04D-1D455F9C5E1D}"
	ProjectSection(ProjectDependencies) = postProject
		{CB7ACE79-DE8D-4A5C-A8EF-4606199B225D} = {CB7ACE79-DE8D-4A5C-A8EF-4606199B225D}
	EndProjectSection
EndProject
Global
	GlobalSection(SolutionConfiguration) = preSolution
		Debug = Debug
		Release = Release
	EndGlobalSection
	GlobalSection(ProjectConfiguration) = postSolution
		{CB7ACE79-DE8D-4A5C-A8EF-4606199B225D}.Debug.ActiveCfg = Debug|.NET
		{CB7ACE79-DE8D-4A5C-A8EF-4606199B225D}.Debug.Build.0 = Debug|.NET
		{CB7ACE79-DE8D-4A5C-A8EF-4606199B225D}.Release.ActiveCfg = Release|.NET
		{CB7ACE79-DE8D-4A5C-A8EF-4606199B225D}.Release.Build.0 = Release|.NET
		{0BFAB3F8-375F-4D51-B04D-1D455F9C5E1D}.Debug.ActiveCfg = Debug|.NET
		{0BFAB3F8-375F-4D51-B04D-1D455F9C5E1D}.Debug.Build.0 = Debug|.NET
		{0BFAB3F8-375F-4D51-B04D-1D455F9C5E1D}.Release.ActiveCfg = Release|.NET
		{0BFAB3F8-375F-4D51-B04D-1D455F9C5E1D}.Release.Build.0 = Release|.NET
	EndGlobalSection
	GlobalSection(ExtensibilityGlobals) = postSolution
	EndGlobalSection
	GlobalSection(ExtensibilityAddIns) = postSolution
	EndGlobalSection
EndGlobal
