Microsoft Visual Studio Solution File, Format Version 8.00
Project("{FAE04EC0-301F-11D3-BF4B-00C04F79EFBC}") = "Library", "Library\Library.csproj", "{B070EE49-1EFB-442C-BBDD-EDB78FF28683}"
	ProjectSection(ProjectDependencies) = postProject
	EndProjectSection
EndProject
Project("{FAE04EC0-301F-11D3-BF4B-00C04F79EFBC}") = "Tests", "Tests\Tests.csproj", "{B09EB2F9-1809-4777-8E7E-17E74FBDA908}"
	ProjectSection(ProjectDependencies) = postProject
		{B070EE49-1EFB-442C-BBDD-EDB78FF28683} = {B070EE49-1EFB-442C-BBDD-EDB78FF28683}
	EndProjectSection
EndProject
Global
	GlobalSection(SolutionConfiguration) = preSolution
		Debug = Debug
		Release = Release
	EndGlobalSection
	GlobalSection(ProjectConfiguration) = postSolution
		{B070EE49-1EFB-442C-BBDD-EDB78FF28683}.Debug.ActiveCfg = Debug|.NET
		{B070EE49-1EFB-442C-BBDD-EDB78FF28683}.Debug.Build.0 = Debug|.NET
		{B070EE49-1EFB-442C-BBDD-EDB78FF28683}.Release.ActiveCfg = Release|.NET
		{B070EE49-1EFB-442C-BBDD-EDB78FF28683}.Release.Build.0 = Release|.NET
		{B09EB2F9-1809-4777-8E7E-17E74FBDA908}.Debug.ActiveCfg = Debug|.NET
		{B09EB2F9-1809-4777-8E7E-17E74FBDA908}.Debug.Build.0 = Debug|.NET
		{B09EB2F9-1809-4777-8E7E-17E74FBDA908}.Release.ActiveCfg = Release|.NET
		{B09EB2F9-1809-4777-8E7E-17E74FBDA908}.Release.Build.0 = Release|.NET
	EndGlobalSection
	GlobalSection(ExtensibilityGlobals) = postSolution
	EndGlobalSection
	GlobalSection(ExtensibilityAddIns) = postSolution
	EndGlobalSection
EndGlobal
