Microsoft Visual Studio Solution File, Format Version 8.00
Project("{FAE04EC0-301F-11D3-BF4B-00C04F79EFBC}") = "iFolder.Client", "iFolder.Client.csproj", "{9DC23D3A-5F1D-4B84-A27D-A355B2A82526}"
	ProjectSection(ProjectDependencies) = postProject
	EndProjectSection
EndProject
Project("{FAE04EC0-301F-11D3-BF4B-00C04F79EFBC}") = "iFolderCmd", "iFolderCmd\iFolderCmd.csproj", "{7E110D9A-C940-49E5-BDC2-FE1DC2FD3407}"
	ProjectSection(ProjectDependencies) = postProject
		{9DC23D3A-5F1D-4B84-A27D-A355B2A82526} = {9DC23D3A-5F1D-4B84-A27D-A355B2A82526}
	EndProjectSection
EndProject
Project("{20D4826A-C6FA-45DB-90F4-C717570B9F32}") = "iFolderPPC", "iFolderPPC\iFolderPPC.csdproj", "{4EF3AF20-F1DC-43F9-AD6E-A5420D93892D}"
	ProjectSection(ProjectDependencies) = postProject
	EndProjectSection
EndProject
Global
	GlobalSection(SolutionConfiguration) = preSolution
		Debug = Debug
		Release = Release
	EndGlobalSection
	GlobalSection(ProjectConfiguration) = postSolution
		{9DC23D3A-5F1D-4B84-A27D-A355B2A82526}.Debug.ActiveCfg = Debug|.NET
		{9DC23D3A-5F1D-4B84-A27D-A355B2A82526}.Debug.Build.0 = Debug|.NET
		{9DC23D3A-5F1D-4B84-A27D-A355B2A82526}.Release.ActiveCfg = Release|.NET
		{9DC23D3A-5F1D-4B84-A27D-A355B2A82526}.Release.Build.0 = Release|.NET
		{7E110D9A-C940-49E5-BDC2-FE1DC2FD3407}.Debug.ActiveCfg = Debug|.NET
		{7E110D9A-C940-49E5-BDC2-FE1DC2FD3407}.Debug.Build.0 = Debug|.NET
		{7E110D9A-C940-49E5-BDC2-FE1DC2FD3407}.Release.ActiveCfg = Release|.NET
		{7E110D9A-C940-49E5-BDC2-FE1DC2FD3407}.Release.Build.0 = Release|.NET
		{4EF3AF20-F1DC-43F9-AD6E-A5420D93892D}.Debug.ActiveCfg = Debug|Windows CE
		{4EF3AF20-F1DC-43F9-AD6E-A5420D93892D}.Debug.Build.0 = Debug|Windows CE
		{4EF3AF20-F1DC-43F9-AD6E-A5420D93892D}.Debug.Deploy.0 = Debug|Windows CE
		{4EF3AF20-F1DC-43F9-AD6E-A5420D93892D}.Release.ActiveCfg = Release|Windows CE
		{4EF3AF20-F1DC-43F9-AD6E-A5420D93892D}.Release.Build.0 = Release|Windows CE
		{4EF3AF20-F1DC-43F9-AD6E-A5420D93892D}.Release.Deploy.0 = Release|Windows CE
	EndGlobalSection
	GlobalSection(ExtensibilityGlobals) = postSolution
	EndGlobalSection
	GlobalSection(ExtensibilityAddIns) = postSolution
	EndGlobalSection
EndGlobal
