Microsoft Visual Studio Solution File, Format Version 8.00
Project("{54435603-DBB4-11D2-8724-00A0C9A8B90C}") = "simias-msm", "simias-msm\simias-msm.vdproj", "{5C869221-A65F-48E2-8836-782AEBBB3B5A}"
	ProjectSection(ProjectDependencies) = postProject
	EndProjectSection
EndProject
Project("{54435603-DBB4-11D2-8724-00A0C9A8B90C}") = "simias-msi", "simias-msi\simias-msi.vdproj", "{B57B6973-4116-449C-98A5-0CC5CBFC5320}"
	ProjectSection(ProjectDependencies) = postProject
	EndProjectSection
EndProject
Global
	GlobalSection(SolutionConfiguration) = preSolution
		Debug = Debug
		Release = Release
	EndGlobalSection
	GlobalSection(ProjectConfiguration) = postSolution
		{5C869221-A65F-48E2-8836-782AEBBB3B5A}.Debug.ActiveCfg = Debug
		{5C869221-A65F-48E2-8836-782AEBBB3B5A}.Debug.Build.0 = Debug
		{5C869221-A65F-48E2-8836-782AEBBB3B5A}.Release.ActiveCfg = Release
		{5C869221-A65F-48E2-8836-782AEBBB3B5A}.Release.Build.0 = Release
		{B57B6973-4116-449C-98A5-0CC5CBFC5320}.Debug.ActiveCfg = Debug
		{B57B6973-4116-449C-98A5-0CC5CBFC5320}.Debug.Build.0 = Debug
		{B57B6973-4116-449C-98A5-0CC5CBFC5320}.Release.ActiveCfg = Release
		{B57B6973-4116-449C-98A5-0CC5CBFC5320}.Release.Build.0 = Release
	EndGlobalSection
	GlobalSection(ExtensibilityGlobals) = postSolution
	EndGlobalSection
	GlobalSection(ExtensibilityAddIns) = postSolution
	EndGlobalSection
EndGlobal
