Microsoft Visual Studio Solution File, Format Version 8.00
Project("{FAE04EC0-301F-11D3-BF4B-00C04F79EFBC}") = "iFolderComponent", "iFolderComponent.csproj", "{44878C2B-BCB2-484A-9D15-1DD5ABBD9A5D}"
	ProjectSection(ProjectDependencies) = postProject
	EndProjectSection
EndProject
Project("{8BC9CEB8-8B4A-11D0-8D11-00A0C91BC942}") = "iFolderShell", "iFolderShell\iFolderShell.vcproj", "{74BB01BE-615C-410D-9502-A8DC5760BA22}"
	ProjectSection(ProjectDependencies) = postProject
		{44878C2B-BCB2-484A-9D15-1DD5ABBD9A5D} = {44878C2B-BCB2-484A-9D15-1DD5ABBD9A5D}
	EndProjectSection
EndProject
Project("{FAE04EC0-301F-11D3-BF4B-00C04F79EFBC}") = "iFolderComponentTests", "iFolderComponentTests\iFolderComponentTests.csproj", "{C6669E44-813A-4B9B-96FD-29B9E5C7B8E6}"
	ProjectSection(ProjectDependencies) = postProject
		{44878C2B-BCB2-484A-9D15-1DD5ABBD9A5D} = {44878C2B-BCB2-484A-9D15-1DD5ABBD9A5D}
	EndProjectSection
EndProject
Global
	GlobalSection(SolutionConfiguration) = preSolution
		Debug = Debug
		Release = Release
	EndGlobalSection
	GlobalSection(ProjectConfiguration) = postSolution
		{44878C2B-BCB2-484A-9D15-1DD5ABBD9A5D}.Debug.ActiveCfg = Debug|.NET
		{44878C2B-BCB2-484A-9D15-1DD5ABBD9A5D}.Debug.Build.0 = Debug|.NET
		{44878C2B-BCB2-484A-9D15-1DD5ABBD9A5D}.Release.ActiveCfg = Release|.NET
		{44878C2B-BCB2-484A-9D15-1DD5ABBD9A5D}.Release.Build.0 = Release|.NET
		{74BB01BE-615C-410D-9502-A8DC5760BA22}.Debug.ActiveCfg = Debug|Win32
		{74BB01BE-615C-410D-9502-A8DC5760BA22}.Debug.Build.0 = Debug|Win32
		{74BB01BE-615C-410D-9502-A8DC5760BA22}.Release.ActiveCfg = Release|Win32
		{74BB01BE-615C-410D-9502-A8DC5760BA22}.Release.Build.0 = Release|Win32
		{C6669E44-813A-4B9B-96FD-29B9E5C7B8E6}.Debug.ActiveCfg = Debug|.NET
		{C6669E44-813A-4B9B-96FD-29B9E5C7B8E6}.Debug.Build.0 = Debug|.NET
		{C6669E44-813A-4B9B-96FD-29B9E5C7B8E6}.Release.ActiveCfg = Release|.NET
		{C6669E44-813A-4B9B-96FD-29B9E5C7B8E6}.Release.Build.0 = Release|.NET
	EndGlobalSection
	GlobalSection(ExtensibilityGlobals) = postSolution
	EndGlobalSection
	GlobalSection(ExtensibilityAddIns) = postSolution
	EndGlobalSection
EndGlobal
