Microsoft Visual Studio Solution File, Format Version 8.00
Project("{FAE04EC0-301F-11D3-BF4B-00C04F79EFBC}") = "ShutdowniFolder", "ShutdowniFolder\ShutdowniFolder.csproj", "{420DE43D-5262-4718-8C2F-5DA1DACEA64D}"
	ProjectSection(ProjectDependencies) = postProject
	EndProjectSection
EndProject
Project("{54435603-DBB4-11D2-8724-00A0C9A8B90C}") = "ifolder-msi", "ifolder-msi\ifolder-msi.vdproj", "{272CD5E8-5047-45E9-A500-9E97C9392D22}"
	ProjectSection(ProjectDependencies) = postProject
	EndProjectSection
EndProject
Project("{54435603-DBB4-11D2-8724-00A0C9A8B90C}") = "ifolder-sdk-msm", "ifolder-sdk-msm\ifolder-sdk-msm.vdproj", "{AE165695-9994-49E9-BCA9-3691978E4BB5}"
	ProjectSection(ProjectDependencies) = postProject
	EndProjectSection
EndProject
Project("{54435603-DBB4-11D2-8724-00A0C9A8B90C}") = "ifolder-msm", "ifolder-msm\ifolder-msm.vdproj", "{B4ABC886-9D7D-4651-998B-84C4BC296DA7}"
	ProjectSection(ProjectDependencies) = postProject
	EndProjectSection
EndProject
Project("{54435603-DBB4-11D2-8724-00A0C9A8B90C}") = "ifolder-sdk-msi", "ifolder-sdk-msi\ifolder-sdk-msi.vdproj", "{9782EC51-2FBA-473E-A19F-A803D7FD58AA}"
	ProjectSection(ProjectDependencies) = postProject
	EndProjectSection
EndProject
Global
	GlobalSection(SolutionConfiguration) = preSolution
		Debug = Debug
		Release = Release
	EndGlobalSection
	GlobalSection(ProjectConfiguration) = postSolution
		{420DE43D-5262-4718-8C2F-5DA1DACEA64D}.Debug.ActiveCfg = Debug|.NET
		{420DE43D-5262-4718-8C2F-5DA1DACEA64D}.Debug.Build.0 = Debug|.NET
		{420DE43D-5262-4718-8C2F-5DA1DACEA64D}.Release.ActiveCfg = Release|.NET
		{420DE43D-5262-4718-8C2F-5DA1DACEA64D}.Release.Build.0 = Release|.NET
		{272CD5E8-5047-45E9-A500-9E97C9392D22}.Debug.ActiveCfg = Debug
		{272CD5E8-5047-45E9-A500-9E97C9392D22}.Debug.Build.0 = Debug
		{272CD5E8-5047-45E9-A500-9E97C9392D22}.Release.ActiveCfg = Release
		{272CD5E8-5047-45E9-A500-9E97C9392D22}.Release.Build.0 = Release
		{AE165695-9994-49E9-BCA9-3691978E4BB5}.Debug.ActiveCfg = Debug
		{AE165695-9994-49E9-BCA9-3691978E4BB5}.Debug.Build.0 = Debug
		{AE165695-9994-49E9-BCA9-3691978E4BB5}.Release.ActiveCfg = Release
		{AE165695-9994-49E9-BCA9-3691978E4BB5}.Release.Build.0 = Release
		{B4ABC886-9D7D-4651-998B-84C4BC296DA7}.Debug.ActiveCfg = Debug
		{B4ABC886-9D7D-4651-998B-84C4BC296DA7}.Debug.Build.0 = Debug
		{B4ABC886-9D7D-4651-998B-84C4BC296DA7}.Release.ActiveCfg = Release
		{B4ABC886-9D7D-4651-998B-84C4BC296DA7}.Release.Build.0 = Release
		{9782EC51-2FBA-473E-A19F-A803D7FD58AA}.Debug.ActiveCfg = Debug
		{9782EC51-2FBA-473E-A19F-A803D7FD58AA}.Release.ActiveCfg = Release
	EndGlobalSection
	GlobalSection(ExtensibilityGlobals) = postSolution
	EndGlobalSection
	GlobalSection(ExtensibilityAddIns) = postSolution
	EndGlobalSection
EndGlobal
