Microsoft Visual Studio Solution File, Format Version 8.00
Project("{FAE04EC0-301F-11D3-BF4B-00C04F79EFBC}") = "ShutdowniFolder", "ShutdowniFolder\ShutdowniFolder.csproj", "{420DE43D-5262-4718-8C2F-5DA1DACEA64D}"
	ProjectSection(ProjectDependencies) = postProject
	EndProjectSection
EndProject
Project("{54435603-DBB4-11D2-8724-00A0C9A8B90C}") = "ifolder-msi", "ifolder-msi\ifolder-msi.vdproj", "{272CD5E8-5047-45E9-A500-9E97C9392D22}"
	ProjectSection(ProjectDependencies) = postProject
	EndProjectSection
EndProject
Global
	GlobalSection(SolutionConfiguration) = preSolution
		Debug = Debug
		Release = Release
	EndGlobalSection
	GlobalSection(ProjectConfiguration) = postSolution
		{420DE43D-5262-4718-8C2F-5DA1DACEA64D}.Debug.ActiveCfg = Debug|.NET
		{420DE43D-5262-4718-8C2F-5DA1DACEA64D}.Debug.Build.0 = Debug|.NET
		{420DE43D-5262-4718-8C2F-5DA1DACEA64D}.Release.ActiveCfg = Release|.NET
		{420DE43D-5262-4718-8C2F-5DA1DACEA64D}.Release.Build.0 = Release|.NET
		{272CD5E8-5047-45E9-A500-9E97C9392D22}.Debug.ActiveCfg = Debug
		{272CD5E8-5047-45E9-A500-9E97C9392D22}.Debug.Build.0 = Debug
		{272CD5E8-5047-45E9-A500-9E97C9392D22}.Release.ActiveCfg = Release
		{272CD5E8-5047-45E9-A500-9E97C9392D22}.Release.Build.0 = Release
	EndGlobalSection
	GlobalSection(ExtensibilityGlobals) = postSolution
	EndGlobalSection
	GlobalSection(ExtensibilityAddIns) = postSolution
	EndGlobalSection
EndGlobal
