Microsoft Visual Studio Solution File, Format Version 8.00
Project("{8BC9CEB8-8B4A-11D0-8D11-00A0C91BC942}") = "glibclient", "glibclient.vcproj", "{427CA50F-541B-4FD6-AB91-FB247197D890}"
	ProjectSection(ProjectDependencies) = postProject
	EndProjectSection
EndProject
Project("{8BC9CEB8-8B4A-11D0-8D11-00A0C91BC942}") = "ifcli", "ifcli\ifcli.vcproj", "{4DFD04FF-00A6-484D-859B-B44739D064A6}"
	ProjectSection(ProjectDependencies) = postProject
		{427CA50F-541B-4FD6-AB91-FB247197D890} = {427CA50F-541B-4FD6-AB91-FB247197D890}
	EndProjectSection
EndProject
Global
	GlobalSection(SolutionConfiguration) = preSolution
		Debug = Debug
		Release = Release
	EndGlobalSection
	GlobalSection(ProjectConfiguration) = postSolution
		{427CA50F-541B-4FD6-AB91-FB247197D890}.Debug.ActiveCfg = Debug|Win32
		{427CA50F-541B-4FD6-AB91-FB247197D890}.Debug.Build.0 = Debug|Win32
		{427CA50F-541B-4FD6-AB91-FB247197D890}.Release.ActiveCfg = Release|Win32
		{427CA50F-541B-4FD6-AB91-FB247197D890}.Release.Build.0 = Release|Win32
		{4DFD04FF-00A6-484D-859B-B44739D064A6}.Debug.ActiveCfg = Debug|Win32
		{4DFD04FF-00A6-484D-859B-B44739D064A6}.Debug.Build.0 = Debug|Win32
		{4DFD04FF-00A6-484D-859B-B44739D064A6}.Release.ActiveCfg = Release|Win32
		{4DFD04FF-00A6-484D-859B-B44739D064A6}.Release.Build.0 = Release|Win32
	EndGlobalSection
	GlobalSection(ExtensibilityGlobals) = postSolution
	EndGlobalSection
	GlobalSection(ExtensibilityAddIns) = postSolution
	EndGlobalSection
EndGlobal
