Microsoft Visual Studio Solution File, Format Version 8.00
Project("{FAE04EC0-301F-11D3-BF4B-00C04F79EFBC}") = "ServiceTagTest", "ServiceTagTest.csproj", "{C8F86787-B689-45A2-B262-D5BB717EA509}"
	ProjectSection(ProjectDependencies) = postProject
	EndProjectSection
EndProject
Global
	GlobalSection(SolutionConfiguration) = preSolution
		Debug = Debug
		Release = Release
	EndGlobalSection
	GlobalSection(ProjectConfiguration) = postSolution
		{C8F86787-B689-45A2-B262-D5BB717EA509}.Debug.ActiveCfg = Debug|.NET
		{C8F86787-B689-45A2-B262-D5BB717EA509}.Debug.Build.0 = Debug|.NET
		{C8F86787-B689-45A2-B262-D5BB717EA509}.Release.ActiveCfg = Release|.NET
		{C8F86787-B689-45A2-B262-D5BB717EA509}.Release.Build.0 = Release|.NET
	EndGlobalSection
	GlobalSection(ExtensibilityGlobals) = postSolution
	EndGlobalSection
	GlobalSection(ExtensibilityAddIns) = postSolution
	EndGlobalSection
EndGlobal
